PODS:
  - Alamofire (5.4.1)
  - FBSDKCoreKit (9.1.0):
    - FBSDKCoreKit/Basics (= 9.1.0)
    - FBSDKCoreKit/Core (= 9.1.0)
  - FBSDKCoreKit/Basics (9.1.0)
  - FBSDKCoreKit/Core (9.1.0):
    - FBSDKCoreKit/Basics
  - FBSDKLoginKit (9.1.0):
    - FBSDKLoginKit/Login (= 9.1.0)
  - FBSDKLoginKit/Login (9.1.0):
    - FBSDKCoreKit (~> 9.1.0)
  - Google-Maps-iOS-Utils (3.8.0):
    - Google-Maps-iOS-Utils/Clustering (= 3.8.0)
    - Google-Maps-iOS-Utils/Geometry (= 3.8.0)
    - Google-Maps-iOS-Utils/Heatmap (= 3.8.0)
    - Google-Maps-iOS-Utils/QuadTree (= 3.8.0)
    - GoogleMaps
  - Google-Maps-iOS-Utils/Clustering (3.8.0):
    - Google-Maps-iOS-Utils/QuadTree
    - GoogleMaps
  - Google-Maps-iOS-Utils/Geometry (3.8.0):
    - GoogleMaps
  - Google-Maps-iOS-Utils/Heatmap (3.8.0):
    - Google-Maps-iOS-Utils/QuadTree
    - GoogleMaps
  - Google-Maps-iOS-Utils/QuadTree (3.8.0):
    - GoogleMaps
  - GoogleMaps (4.2.0):
    - GoogleMaps/Maps (= 4.2.0)
  - GoogleMaps/Base (4.2.0)
  - GoogleMaps/Maps (4.2.0):
    - GoogleMaps/Base
  - GooglePlaces (4.2.0):
    - GoogleMaps/Base (= 4.2.0)
  - HorizonCalendar (1.8.0)
  - QuickBlox (2.17.10)
  - Swinject (2.7.1)

DEPENDENCIES:
  - Alamofire
  - FBSDKLoginKit
  - Google-Maps-iOS-Utils (~> 3.8.0)
  - GoogleMaps
  - GooglePlaces
  - HorizonCalendar
  - QuickBlox
  - Swinject

SPEC REPOS:
  trunk:
    - Alamofire
    - FBSDKCoreKit
    - FBSDKLoginKit
    - Google-Maps-iOS-Utils
    - GoogleMaps
    - GooglePlaces
    - HorizonCalendar
    - QuickBlox
    - Swinject

SPEC CHECKSUMS:
  Alamofire: 2291f7d21ca607c491dd17642e5d40fdcda0e65c
  FBSDKCoreKit: a00fe2efd780c195a5e09201bf51c56106245b40
  FBSDKLoginKit: d98498c598ec09de657385a9349a1f21119b7f86
  Google-Maps-iOS-Utils: 71c1a52fb5a3622e81a03a67dc3be9fd180cb9c3
  GoogleMaps: eb03e327edfd70b06de1e6e321653f73712df7ad
  GooglePlaces: 196a9dd88580dcb3f3df46f415057703d0d2a310
  HorizonCalendar: be5d0b11706b4ec758a5c9607fd33858432cab81
  QuickBlox: 49d85c6e1782993fb2383001301b788a8d7dcad3
  Swinject: ddf78b8486dd9b71a667b852cad919ab4484478e

PODFILE CHECKSUM: e14333a138a3bbc36ee5ce2be711a9484a42ae7b

COCOAPODS: 1.10.1
