// !$*UTF8*$!
{
	archiveVersion = 1;
	classes = {
	};
	objectVersion = 51;
	objects = {

/* Begin PBXBuildFile section */
		6462023325FEFC7900D89514 /* PresenterProtocol.swift in Sources */ = {isa = PBXBuildFile; fileRef = 6462022F25FEFC7900D89514 /* PresenterProtocol.swift */; };
		6462023425FEFC7900D89514 /* ViperModuleProtocol.swift in Sources */ = {isa = PBXBuildFile; fileRef = 6462023025FEFC7900D89514 /* ViperModuleProtocol.swift */; };
		6462023525FEFC7900D89514 /* RouterProtocol.swift in Sources */ = {isa = PBXBuildFile; fileRef = 6462023125FEFC7900D89514 /* RouterProtocol.swift */; };
		6462023625FEFC7900D89514 /* InteractorProtocol.swift in Sources */ = {isa = PBXBuildFile; fileRef = 6462023225FEFC7900D89514 /* InteractorProtocol.swift */; };
		6462023C25FEFD3800D89514 /* Guide.swift in Sources */ = {isa = PBXBuildFile; fileRef = 6462023B25FEFD3800D89514 /* Guide.swift */; };
		6462024425FEFD4F00D89514 /* User.swift in Sources */ = {isa = PBXBuildFile; fileRef = 6462024325FEFD4F00D89514 /* User.swift */; };
		6462024A25FEFE1300D89514 /* Days.swift in Sources */ = {isa = PBXBuildFile; fileRef = 6462024925FEFE1300D89514 /* Days.swift */; };
		6462024F25FF000700D89514 /* Tourist.swift in Sources */ = {isa = PBXBuildFile; fileRef = 6462024E25FF000700D89514 /* Tourist.swift */; };
		6462025425FF002100D89514 /* Trail.swift in Sources */ = {isa = PBXBuildFile; fileRef = 6462025325FF002100D89514 /* Trail.swift */; };
		6462026125FF022D00D89514 /* Area.swift in Sources */ = {isa = PBXBuildFile; fileRef = 6462026025FF022D00D89514 /* Area.swift */; };
		6462026625FF559400D89514 /* Sex.swift in Sources */ = {isa = PBXBuildFile; fileRef = 6462026525FF559400D89514 /* Sex.swift */; };
		6462026B25FF574100D89514 /* CaseIterable+ParseString.swift in Sources */ = {isa = PBXBuildFile; fileRef = 6462026A25FF574100D89514 /* CaseIterable+ParseString.swift */; };
		6462027025FF5E5E00D89514 /* Review.swift in Sources */ = {isa = PBXBuildFile; fileRef = 6462026F25FF5E5E00D89514 /* Review.swift */; };
		6462027525FF60D900D89514 /* Booking.swift in Sources */ = {isa = PBXBuildFile; fileRef = 6462027425FF60D900D89514 /* Booking.swift */; };
		6462027A25FF614F00D89514 /* BookingStatus.swift in Sources */ = {isa = PBXBuildFile; fileRef = 6462027925FF614F00D89514 /* BookingStatus.swift */; };
		99EE910BF070DD5F6845522E /* Pods_Challo_ChalloUITests.framework in Frameworks */ = {isa = PBXBuildFile; fileRef = B80BF62921A7ECE90E2050F2 /* Pods_Challo_ChalloUITests.framework */; };
		AA9E85C925FE70AD00C2E389 /* NetworkManager.swift in Sources */ = {isa = PBXBuildFile; fileRef = AA9E85C825FE70AD00C2E389 /* NetworkManager.swift */; };
		AA9E85D625FE735800C2E389 /* NetworkError.swift in Sources */ = {isa = PBXBuildFile; fileRef = AA9E85D525FE735800C2E389 /* NetworkError.swift */; };
		AA9E85E125FE740500C2E389 /* AlamofireManager.swift in Sources */ = {isa = PBXBuildFile; fileRef = AA9E85E025FE740500C2E389 /* AlamofireManager.swift */; };
		B0F349AF3CB87F77584434C4 /* Pods_Challo.framework in Frameworks */ = {isa = PBXBuildFile; fileRef = 2EC2C4523E0BAD62412B118A /* Pods_Challo.framework */; };
		D4A670D2B9132DB104111692 /* Pods_ChalloTests.framework in Frameworks */ = {isa = PBXBuildFile; fileRef = 5391AD75BD73BA41A633358D /* Pods_ChalloTests.framework */; };
		E22333E126024C1D00B6A236 /* LoginAPI.swift in Sources */ = {isa = PBXBuildFile; fileRef = E22333E026024C1D00B6A236 /* LoginAPI.swift */; };
		E22333EC2602503E00B6A236 /* GuideLoginPage.swift in Sources */ = {isa = PBXBuildFile; fileRef = E22333EB2602503E00B6A236 /* GuideLoginPage.swift */; };
		E22333F42602522D00B6A236 /* GuideLoginPresenter.swift in Sources */ = {isa = PBXBuildFile; fileRef = E22333F32602522D00B6A236 /* GuideLoginPresenter.swift */; };
		E22333F92602526200B6A236 /* GuideLoginRouter.swift in Sources */ = {isa = PBXBuildFile; fileRef = E22333F82602526200B6A236 /* GuideLoginRouter.swift */; };
		E22333FE2602532500B6A236 /* GuideLoginInteractor.swift in Sources */ = {isa = PBXBuildFile; fileRef = E22333FD2602532500B6A236 /* GuideLoginInteractor.swift */; };
		E22334032602534700B6A236 /* GuideLoginModule.swift in Sources */ = {isa = PBXBuildFile; fileRef = E22334022602534700B6A236 /* GuideLoginModule.swift */; };
		E223340C2602578400B6A236 /* TouristLoginPage.swift in Sources */ = {isa = PBXBuildFile; fileRef = E223340B2602578400B6A236 /* TouristLoginPage.swift */; };
		E223341D260257F600B6A236 /* TouristLoginPresenter.swift in Sources */ = {isa = PBXBuildFile; fileRef = E223341C260257F600B6A236 /* TouristLoginPresenter.swift */; };
		E22334222602580D00B6A236 /* TouristLoginRouter.swift in Sources */ = {isa = PBXBuildFile; fileRef = E22334212602580D00B6A236 /* TouristLoginRouter.swift */; };
		E22334272602586F00B6A236 /* TouristLoginInteractor.swift in Sources */ = {isa = PBXBuildFile; fileRef = E22334262602586F00B6A236 /* TouristLoginInteractor.swift */; };
		E223342C2602589100B6A236 /* TouristLoginModule.swift in Sources */ = {isa = PBXBuildFile; fileRef = E223342B2602589100B6A236 /* TouristLoginModule.swift */; };
		E223343826025B0200B6A236 /* TouristRegisterPage.swift in Sources */ = {isa = PBXBuildFile; fileRef = E223343726025B0200B6A236 /* TouristRegisterPage.swift */; };
		E223344026025B4200B6A236 /* TouristRegisterPresenter.swift in Sources */ = {isa = PBXBuildFile; fileRef = E223343F26025B4200B6A236 /* TouristRegisterPresenter.swift */; };
		E223344526025B5E00B6A236 /* TouristRegisterInteractor.swift in Sources */ = {isa = PBXBuildFile; fileRef = E223344426025B5E00B6A236 /* TouristRegisterInteractor.swift */; };
		E223344A26025B7800B6A236 /* TouristRegisterRouter.swift in Sources */ = {isa = PBXBuildFile; fileRef = E223344926025B7800B6A236 /* TouristRegisterRouter.swift */; };
		E223344F26025BE700B6A236 /* TouristRegisterModule.swift in Sources */ = {isa = PBXBuildFile; fileRef = E223344E26025BE700B6A236 /* TouristRegisterModule.swift */; };
		E234932325FB884F00EC90E9 /* ChalloApp.swift in Sources */ = {isa = PBXBuildFile; fileRef = E234932225FB884F00EC90E9 /* ChalloApp.swift */; };
		E234932525FB884F00EC90E9 /* ContentView.swift in Sources */ = {isa = PBXBuildFile; fileRef = E234932425FB884F00EC90E9 /* ContentView.swift */; };
		E234932725FB885100EC90E9 /* Assets.xcassets in Resources */ = {isa = PBXBuildFile; fileRef = E234932625FB885100EC90E9 /* Assets.xcassets */; };
		E234932A25FB885100EC90E9 /* Preview Assets.xcassets in Resources */ = {isa = PBXBuildFile; fileRef = E234932925FB885100EC90E9 /* Preview Assets.xcassets */; };
		E234933525FB885100EC90E9 /* ChalloTests.swift in Sources */ = {isa = PBXBuildFile; fileRef = E234933425FB885100EC90E9 /* ChalloTests.swift */; };
		E234934025FB885100EC90E9 /* ChalloUITests.swift in Sources */ = {isa = PBXBuildFile; fileRef = E234933F25FB885100EC90E9 /* ChalloUITests.swift */; };
		E267FCFF2604DA400007815D /* TouristRegistrationAPI.swift in Sources */ = {isa = PBXBuildFile; fileRef = E267FCFE2604DA400007815D /* TouristRegistrationAPI.swift */; };
		E267FD072604DB780007815D /* GuideRegistrationAPI.swift in Sources */ = {isa = PBXBuildFile; fileRef = E267FD062604DB780007815D /* GuideRegistrationAPI.swift */; };
		E267FD112604DD260007815D /* GuideLoginAPI.swift in Sources */ = {isa = PBXBuildFile; fileRef = E267FD102604DD260007815D /* GuideLoginAPI.swift */; };
		E267FD162604DDA10007815D /* TouristLoginAPI.swift in Sources */ = {isa = PBXBuildFile; fileRef = E267FD152604DDA10007815D /* TouristLoginAPI.swift */; };
		E267FD242604ED450007815D /* CertificateManager.swift in Sources */ = {isa = PBXBuildFile; fileRef = E267FD232604ED450007815D /* CertificateManager.swift */; };
		E268C497260469F200AA5F53 /* SocialLoginResponse.swift in Sources */ = {isa = PBXBuildFile; fileRef = E268C496260469F200AA5F53 /* SocialLoginResponse.swift */; };
		E268C49F26046CCF00AA5F53 /* SocialLoginInteractor.swift in Sources */ = {isa = PBXBuildFile; fileRef = E268C49E26046CCF00AA5F53 /* SocialLoginInteractor.swift */; };
		E268C4A426046FEE00AA5F53 /* SocialLoginPresenter.swift in Sources */ = {isa = PBXBuildFile; fileRef = E268C4A326046FEE00AA5F53 /* SocialLoginPresenter.swift */; };
		E26975F126030FD4003320EF /* GuideRegisterPage.swift in Sources */ = {isa = PBXBuildFile; fileRef = E26975F026030FD4003320EF /* GuideRegisterPage.swift */; };
		E26975F626031030003320EF /* GuideRegisterInteractor.swift in Sources */ = {isa = PBXBuildFile; fileRef = E26975F526031030003320EF /* GuideRegisterInteractor.swift */; };
		E26975FE2603105D003320EF /* GuideRegisterRouter.swift in Sources */ = {isa = PBXBuildFile; fileRef = E26975FD2603105D003320EF /* GuideRegisterRouter.swift */; };
		E26976032603108A003320EF /* GuideRegisterPresenter.swift in Sources */ = {isa = PBXBuildFile; fileRef = E26976022603108A003320EF /* GuideRegisterPresenter.swift */; };
		E2697608260310C1003320EF /* GuideRegisterModule.swift in Sources */ = {isa = PBXBuildFile; fileRef = E2697607260310C1003320EF /* GuideRegisterModule.swift */; };
		E28B8D5F26036292009CFED7 /* UserAPIResponse.swift in Sources */ = {isa = PBXBuildFile; fileRef = E28B8D5E26036292009CFED7 /* UserAPIResponse.swift */; };
		E28B8D6A260369FC009CFED7 /* ChalloEnterpriseTitle.swift in Sources */ = {isa = PBXBuildFile; fileRef = E28B8D69260369FC009CFED7 /* ChalloEnterpriseTitle.swift */; };
		E28B8D7726037883009CFED7 /* ChalloLogger.swift in Sources */ = {isa = PBXBuildFile; fileRef = E28B8D7626037883009CFED7 /* ChalloLogger.swift */; };
		E29995DB2602633100FCA70A /* RegisterAPI.swift in Sources */ = {isa = PBXBuildFile; fileRef = E29995DA2602633100FCA70A /* RegisterAPI.swift */; };
		E2C2441D2600B78E0085BAA4 /* UserAPIInteractor.swift in Sources */ = {isa = PBXBuildFile; fileRef = E2C2441C2600B78E0085BAA4 /* UserAPIInteractor.swift */; };
		E2C244252600B96E0085BAA4 /* UserCertificate.swift in Sources */ = {isa = PBXBuildFile; fileRef = E2C244242600B96E0085BAA4 /* UserCertificate.swift */; };
		E2D824AD2600C1B20023CBBB /* UserState.swift in Sources */ = {isa = PBXBuildFile; fileRef = E2D824AC2600C1B20023CBBB /* UserState.swift */; };
		E2D8967325FFAB200001B026 /* RegisterPresenter.swift in Sources */ = {isa = PBXBuildFile; fileRef = E2D8967025FFAB200001B026 /* RegisterPresenter.swift */; };
		E2D8967425FFAB200001B026 /* RegistrationDetails.swift in Sources */ = {isa = PBXBuildFile; fileRef = E2D8967125FFAB200001B026 /* RegistrationDetails.swift */; };
		E2D8967525FFAB200001B026 /* RegisterInteractor.swift in Sources */ = {isa = PBXBuildFile; fileRef = E2D8967225FFAB200001B026 /* RegisterInteractor.swift */; };
		E2D8968025FFAB380001B026 /* FacebookLoginService.swift in Sources */ = {isa = PBXBuildFile; fileRef = E2D8967A25FFAB380001B026 /* FacebookLoginService.swift */; };
		E2D8968225FFAB380001B026 /* LoginRouter.swift in Sources */ = {isa = PBXBuildFile; fileRef = E2D8967C25FFAB380001B026 /* LoginRouter.swift */; };
		E2D8968325FFAB380001B026 /* LoginPresenter.swift in Sources */ = {isa = PBXBuildFile; fileRef = E2D8967D25FFAB380001B026 /* LoginPresenter.swift */; };
		E2D8968425FFAB380001B026 /* LoginInteractor.swift in Sources */ = {isa = PBXBuildFile; fileRef = E2D8967E25FFAB380001B026 /* LoginInteractor.swift */; };
		E2D8968F25FFAB8A0001B026 /* ChalloTitle.swift in Sources */ = {isa = PBXBuildFile; fileRef = E2D8968A25FFAB8A0001B026 /* ChalloTitle.swift */; };
		E2D8969025FFAB8A0001B026 /* LoginRegisterBackground.swift in Sources */ = {isa = PBXBuildFile; fileRef = E2D8968B25FFAB8A0001B026 /* LoginRegisterBackground.swift */; };
		E2D8969125FFAB8A0001B026 /* Card.swift in Sources */ = {isa = PBXBuildFile; fileRef = E2D8968C25FFAB8A0001B026 /* Card.swift */; };
		E2D8969225FFAB8A0001B026 /* RoundedTextField.swift in Sources */ = {isa = PBXBuildFile; fileRef = E2D8968D25FFAB8A0001B026 /* RoundedTextField.swift */; };
		E2D8969325FFAB8A0001B026 /* FacebookLoginButton.swift in Sources */ = {isa = PBXBuildFile; fileRef = E2D8968E25FFAB8A0001B026 /* FacebookLoginButton.swift */; };
		E2D8969925FFABA10001B026 /* BorderedButtonStyle.swift in Sources */ = {isa = PBXBuildFile; fileRef = E2D8969825FFABA10001B026 /* BorderedButtonStyle.swift */; };
		E2D8969F25FFABBA0001B026 /* LoginForm.swift in Sources */ = {isa = PBXBuildFile; fileRef = E2D8969D25FFABBA0001B026 /* LoginForm.swift */; };
		E2D896A725FFABC50001B026 /* RegisterForm.swift in Sources */ = {isa = PBXBuildFile; fileRef = E2D896A525FFABC50001B026 /* RegisterForm.swift */; };
		E2D896AD25FFABD70001B026 /* ContainerView.swift in Sources */ = {isa = PBXBuildFile; fileRef = E2D896AC25FFABD70001B026 /* ContainerView.swift */; };
		E2D896B425FFABE80001B026 /* Image+ImageAssets.swift in Sources */ = {isa = PBXBuildFile; fileRef = E2D896B225FFABE80001B026 /* Image+ImageAssets.swift */; };
		E2D896B525FFABE80001B026 /* Color+ThemeColors.swift in Sources */ = {isa = PBXBuildFile; fileRef = E2D896B325FFABE80001B026 /* Color+ThemeColors.swift */; };
		E2D896DA25FFBA210001B026 /* RegisterRouter.swift in Sources */ = {isa = PBXBuildFile; fileRef = E2D896D925FFBA210001B026 /* RegisterRouter.swift */; };
		E2EF4C0F26050A3600851762 /* UserAPI.swift in Sources */ = {isa = PBXBuildFile; fileRef = E2EF4C0E26050A3600851762 /* UserAPI.swift */; };
		E2F7F3ED2604652300F728FB /* LoginRegisterContainer.swift in Sources */ = {isa = PBXBuildFile; fileRef = E2F7F3EC2604652300F728FB /* LoginRegisterContainer.swift */; };
		E2F7F3F32604691D00F728FB /* SocialLoginService.swift in Sources */ = {isa = PBXBuildFile; fileRef = E2F7F3F22604691D00F728FB /* SocialLoginService.swift */; };
		E2F7F3FB2604693700F728FB /* SocialLoginDelegate.swift in Sources */ = {isa = PBXBuildFile; fileRef = E2F7F3FA2604693700F728FB /* SocialLoginDelegate.swift */; };
/* End PBXBuildFile section */

/* Begin PBXContainerItemProxy section */
		E234933125FB885100EC90E9 /* PBXContainerItemProxy */ = {
			isa = PBXContainerItemProxy;
			containerPortal = E234931725FB884F00EC90E9 /* Project object */;
			proxyType = 1;
			remoteGlobalIDString = E234931E25FB884F00EC90E9;
			remoteInfo = Challo;
		};
		E234933C25FB885100EC90E9 /* PBXContainerItemProxy */ = {
			isa = PBXContainerItemProxy;
			containerPortal = E234931725FB884F00EC90E9 /* Project object */;
			proxyType = 1;
			remoteGlobalIDString = E234931E25FB884F00EC90E9;
			remoteInfo = Challo;
		};
/* End PBXContainerItemProxy section */

/* Begin PBXFileReference section */
		0FB94ED8ABE4924DD5399328 /* Pods-ChalloTests.release.xcconfig */ = {isa = PBXFileReference; includeInIndex = 1; lastKnownFileType = text.xcconfig; name = "Pods-ChalloTests.release.xcconfig"; path = "Target Support Files/Pods-ChalloTests/Pods-ChalloTests.release.xcconfig"; sourceTree = "<group>"; };
		17BB0539313AB0A941E28A84 /* Pods-Challo-ChalloUITests.release.xcconfig */ = {isa = PBXFileReference; includeInIndex = 1; lastKnownFileType = text.xcconfig; name = "Pods-Challo-ChalloUITests.release.xcconfig"; path = "Target Support Files/Pods-Challo-ChalloUITests/Pods-Challo-ChalloUITests.release.xcconfig"; sourceTree = "<group>"; };
		26CEF1D24A058AF91D5433CF /* Pods-Challo-ChalloUITests.debug.xcconfig */ = {isa = PBXFileReference; includeInIndex = 1; lastKnownFileType = text.xcconfig; name = "Pods-Challo-ChalloUITests.debug.xcconfig"; path = "Target Support Files/Pods-Challo-ChalloUITests/Pods-Challo-ChalloUITests.debug.xcconfig"; sourceTree = "<group>"; };
		2EC2C4523E0BAD62412B118A /* Pods_Challo.framework */ = {isa = PBXFileReference; explicitFileType = wrapper.framework; includeInIndex = 0; path = Pods_Challo.framework; sourceTree = BUILT_PRODUCTS_DIR; };
		319529DE749B6204E6CE117B /* Pods-Challo.release.xcconfig */ = {isa = PBXFileReference; includeInIndex = 1; lastKnownFileType = text.xcconfig; name = "Pods-Challo.release.xcconfig"; path = "Target Support Files/Pods-Challo/Pods-Challo.release.xcconfig"; sourceTree = "<group>"; };
		509E731AAC403D033CF6777F /* Pods-Challo.debug.xcconfig */ = {isa = PBXFileReference; includeInIndex = 1; lastKnownFileType = text.xcconfig; name = "Pods-Challo.debug.xcconfig"; path = "Target Support Files/Pods-Challo/Pods-Challo.debug.xcconfig"; sourceTree = "<group>"; };
		5391AD75BD73BA41A633358D /* Pods_ChalloTests.framework */ = {isa = PBXFileReference; explicitFileType = wrapper.framework; includeInIndex = 0; path = Pods_ChalloTests.framework; sourceTree = BUILT_PRODUCTS_DIR; };
		579E5280C4C85255C7A50899 /* Pods-ChalloTests.debug.xcconfig */ = {isa = PBXFileReference; includeInIndex = 1; lastKnownFileType = text.xcconfig; name = "Pods-ChalloTests.debug.xcconfig"; path = "Target Support Files/Pods-ChalloTests/Pods-ChalloTests.debug.xcconfig"; sourceTree = "<group>"; };
		6462022F25FEFC7900D89514 /* PresenterProtocol.swift */ = {isa = PBXFileReference; fileEncoding = 4; lastKnownFileType = sourcecode.swift; path = PresenterProtocol.swift; sourceTree = "<group>"; };
		6462023025FEFC7900D89514 /* ViperModuleProtocol.swift */ = {isa = PBXFileReference; fileEncoding = 4; lastKnownFileType = sourcecode.swift; path = ViperModuleProtocol.swift; sourceTree = "<group>"; };
		6462023125FEFC7900D89514 /* RouterProtocol.swift */ = {isa = PBXFileReference; fileEncoding = 4; lastKnownFileType = sourcecode.swift; path = RouterProtocol.swift; sourceTree = "<group>"; };
		6462023225FEFC7900D89514 /* InteractorProtocol.swift */ = {isa = PBXFileReference; fileEncoding = 4; lastKnownFileType = sourcecode.swift; path = InteractorProtocol.swift; sourceTree = "<group>"; };
		6462023B25FEFD3800D89514 /* Guide.swift */ = {isa = PBXFileReference; lastKnownFileType = sourcecode.swift; path = Guide.swift; sourceTree = "<group>"; };
		6462024325FEFD4F00D89514 /* User.swift */ = {isa = PBXFileReference; lastKnownFileType = sourcecode.swift; path = User.swift; sourceTree = "<group>"; };
		6462024925FEFE1300D89514 /* Days.swift */ = {isa = PBXFileReference; lastKnownFileType = sourcecode.swift; path = Days.swift; sourceTree = "<group>"; };
		6462024E25FF000700D89514 /* Tourist.swift */ = {isa = PBXFileReference; lastKnownFileType = sourcecode.swift; path = Tourist.swift; sourceTree = "<group>"; };
		6462025325FF002100D89514 /* Trail.swift */ = {isa = PBXFileReference; lastKnownFileType = sourcecode.swift; path = Trail.swift; sourceTree = "<group>"; };
		6462026025FF022D00D89514 /* Area.swift */ = {isa = PBXFileReference; lastKnownFileType = sourcecode.swift; path = Area.swift; sourceTree = "<group>"; };
		6462026525FF559400D89514 /* Sex.swift */ = {isa = PBXFileReference; lastKnownFileType = sourcecode.swift; path = Sex.swift; sourceTree = "<group>"; };
		6462026A25FF574100D89514 /* CaseIterable+ParseString.swift */ = {isa = PBXFileReference; lastKnownFileType = sourcecode.swift; path = "CaseIterable+ParseString.swift"; sourceTree = "<group>"; };
		6462026F25FF5E5E00D89514 /* Review.swift */ = {isa = PBXFileReference; lastKnownFileType = sourcecode.swift; path = Review.swift; sourceTree = "<group>"; };
		6462027425FF60D900D89514 /* Booking.swift */ = {isa = PBXFileReference; lastKnownFileType = sourcecode.swift; path = Booking.swift; sourceTree = "<group>"; };
		6462027925FF614F00D89514 /* BookingStatus.swift */ = {isa = PBXFileReference; lastKnownFileType = sourcecode.swift; path = BookingStatus.swift; sourceTree = "<group>"; };
		AA9E85C825FE70AD00C2E389 /* NetworkManager.swift */ = {isa = PBXFileReference; lastKnownFileType = sourcecode.swift; path = NetworkManager.swift; sourceTree = "<group>"; };
		AA9E85D525FE735800C2E389 /* NetworkError.swift */ = {isa = PBXFileReference; lastKnownFileType = sourcecode.swift; path = NetworkError.swift; sourceTree = "<group>"; };
		AA9E85E025FE740500C2E389 /* AlamofireManager.swift */ = {isa = PBXFileReference; lastKnownFileType = sourcecode.swift; path = AlamofireManager.swift; sourceTree = "<group>"; };
		B80BF62921A7ECE90E2050F2 /* Pods_Challo_ChalloUITests.framework */ = {isa = PBXFileReference; explicitFileType = wrapper.framework; includeInIndex = 0; path = Pods_Challo_ChalloUITests.framework; sourceTree = BUILT_PRODUCTS_DIR; };
		E22333E026024C1D00B6A236 /* LoginAPI.swift */ = {isa = PBXFileReference; lastKnownFileType = sourcecode.swift; path = LoginAPI.swift; sourceTree = "<group>"; };
		E22333EB2602503E00B6A236 /* GuideLoginPage.swift */ = {isa = PBXFileReference; lastKnownFileType = sourcecode.swift; path = GuideLoginPage.swift; sourceTree = "<group>"; };
		E22333F32602522D00B6A236 /* GuideLoginPresenter.swift */ = {isa = PBXFileReference; lastKnownFileType = sourcecode.swift; path = GuideLoginPresenter.swift; sourceTree = "<group>"; };
		E22333F82602526200B6A236 /* GuideLoginRouter.swift */ = {isa = PBXFileReference; lastKnownFileType = sourcecode.swift; path = GuideLoginRouter.swift; sourceTree = "<group>"; };
		E22333FD2602532500B6A236 /* GuideLoginInteractor.swift */ = {isa = PBXFileReference; lastKnownFileType = sourcecode.swift; path = GuideLoginInteractor.swift; sourceTree = "<group>"; };
		E22334022602534700B6A236 /* GuideLoginModule.swift */ = {isa = PBXFileReference; lastKnownFileType = sourcecode.swift; path = GuideLoginModule.swift; sourceTree = "<group>"; };
		E223340B2602578400B6A236 /* TouristLoginPage.swift */ = {isa = PBXFileReference; lastKnownFileType = sourcecode.swift; path = TouristLoginPage.swift; sourceTree = "<group>"; };
		E223341C260257F600B6A236 /* TouristLoginPresenter.swift */ = {isa = PBXFileReference; lastKnownFileType = sourcecode.swift; path = TouristLoginPresenter.swift; sourceTree = "<group>"; };
		E22334212602580D00B6A236 /* TouristLoginRouter.swift */ = {isa = PBXFileReference; lastKnownFileType = sourcecode.swift; path = TouristLoginRouter.swift; sourceTree = "<group>"; };
		E22334262602586F00B6A236 /* TouristLoginInteractor.swift */ = {isa = PBXFileReference; lastKnownFileType = sourcecode.swift; path = TouristLoginInteractor.swift; sourceTree = "<group>"; };
		E223342B2602589100B6A236 /* TouristLoginModule.swift */ = {isa = PBXFileReference; lastKnownFileType = sourcecode.swift; path = TouristLoginModule.swift; sourceTree = "<group>"; };
		E223343726025B0200B6A236 /* TouristRegisterPage.swift */ = {isa = PBXFileReference; lastKnownFileType = sourcecode.swift; path = TouristRegisterPage.swift; sourceTree = "<group>"; };
		E223343F26025B4200B6A236 /* TouristRegisterPresenter.swift */ = {isa = PBXFileReference; lastKnownFileType = sourcecode.swift; path = TouristRegisterPresenter.swift; sourceTree = "<group>"; };
		E223344426025B5E00B6A236 /* TouristRegisterInteractor.swift */ = {isa = PBXFileReference; lastKnownFileType = sourcecode.swift; path = TouristRegisterInteractor.swift; sourceTree = "<group>"; };
		E223344926025B7800B6A236 /* TouristRegisterRouter.swift */ = {isa = PBXFileReference; lastKnownFileType = sourcecode.swift; path = TouristRegisterRouter.swift; sourceTree = "<group>"; };
		E223344E26025BE700B6A236 /* TouristRegisterModule.swift */ = {isa = PBXFileReference; lastKnownFileType = sourcecode.swift; path = TouristRegisterModule.swift; sourceTree = "<group>"; };
		E234931F25FB884F00EC90E9 /* Challo.app */ = {isa = PBXFileReference; explicitFileType = wrapper.application; includeInIndex = 0; path = Challo.app; sourceTree = BUILT_PRODUCTS_DIR; };
		E234932225FB884F00EC90E9 /* ChalloApp.swift */ = {isa = PBXFileReference; lastKnownFileType = sourcecode.swift; path = ChalloApp.swift; sourceTree = "<group>"; };
		E234932425FB884F00EC90E9 /* ContentView.swift */ = {isa = PBXFileReference; lastKnownFileType = sourcecode.swift; path = ContentView.swift; sourceTree = "<group>"; };
		E234932625FB885100EC90E9 /* Assets.xcassets */ = {isa = PBXFileReference; lastKnownFileType = folder.assetcatalog; path = Assets.xcassets; sourceTree = "<group>"; };
		E234932925FB885100EC90E9 /* Preview Assets.xcassets */ = {isa = PBXFileReference; lastKnownFileType = folder.assetcatalog; path = "Preview Assets.xcassets"; sourceTree = "<group>"; };
		E234932B25FB885100EC90E9 /* Info.plist */ = {isa = PBXFileReference; lastKnownFileType = text.plist.xml; path = Info.plist; sourceTree = "<group>"; };
		E234933025FB885100EC90E9 /* ChalloTests.xctest */ = {isa = PBXFileReference; explicitFileType = wrapper.cfbundle; includeInIndex = 0; path = ChalloTests.xctest; sourceTree = BUILT_PRODUCTS_DIR; };
		E234933425FB885100EC90E9 /* ChalloTests.swift */ = {isa = PBXFileReference; lastKnownFileType = sourcecode.swift; path = ChalloTests.swift; sourceTree = "<group>"; };
		E234933625FB885100EC90E9 /* Info.plist */ = {isa = PBXFileReference; lastKnownFileType = text.plist.xml; path = Info.plist; sourceTree = "<group>"; };
		E234933B25FB885100EC90E9 /* ChalloUITests.xctest */ = {isa = PBXFileReference; explicitFileType = wrapper.cfbundle; includeInIndex = 0; path = ChalloUITests.xctest; sourceTree = BUILT_PRODUCTS_DIR; };
		E234933F25FB885100EC90E9 /* ChalloUITests.swift */ = {isa = PBXFileReference; lastKnownFileType = sourcecode.swift; path = ChalloUITests.swift; sourceTree = "<group>"; };
		E234934125FB885100EC90E9 /* Info.plist */ = {isa = PBXFileReference; lastKnownFileType = text.plist.xml; path = Info.plist; sourceTree = "<group>"; };
		E267FCFE2604DA400007815D /* TouristRegistrationAPI.swift */ = {isa = PBXFileReference; lastKnownFileType = sourcecode.swift; path = TouristRegistrationAPI.swift; sourceTree = "<group>"; };
		E267FD062604DB780007815D /* GuideRegistrationAPI.swift */ = {isa = PBXFileReference; lastKnownFileType = sourcecode.swift; path = GuideRegistrationAPI.swift; sourceTree = "<group>"; };
		E267FD102604DD260007815D /* GuideLoginAPI.swift */ = {isa = PBXFileReference; lastKnownFileType = sourcecode.swift; path = GuideLoginAPI.swift; sourceTree = "<group>"; };
		E267FD152604DDA10007815D /* TouristLoginAPI.swift */ = {isa = PBXFileReference; lastKnownFileType = sourcecode.swift; path = TouristLoginAPI.swift; sourceTree = "<group>"; };
		E267FD232604ED450007815D /* CertificateManager.swift */ = {isa = PBXFileReference; lastKnownFileType = sourcecode.swift; path = CertificateManager.swift; sourceTree = "<group>"; };
		E268C496260469F200AA5F53 /* SocialLoginResponse.swift */ = {isa = PBXFileReference; lastKnownFileType = sourcecode.swift; path = SocialLoginResponse.swift; sourceTree = "<group>"; };
		E268C49E26046CCF00AA5F53 /* SocialLoginInteractor.swift */ = {isa = PBXFileReference; lastKnownFileType = sourcecode.swift; path = SocialLoginInteractor.swift; sourceTree = "<group>"; };
		E268C4A326046FEE00AA5F53 /* SocialLoginPresenter.swift */ = {isa = PBXFileReference; lastKnownFileType = sourcecode.swift; path = SocialLoginPresenter.swift; sourceTree = "<group>"; };
		E26975F026030FD4003320EF /* GuideRegisterPage.swift */ = {isa = PBXFileReference; lastKnownFileType = sourcecode.swift; path = GuideRegisterPage.swift; sourceTree = "<group>"; };
		E26975F526031030003320EF /* GuideRegisterInteractor.swift */ = {isa = PBXFileReference; lastKnownFileType = sourcecode.swift; path = GuideRegisterInteractor.swift; sourceTree = "<group>"; };
		E26975FD2603105D003320EF /* GuideRegisterRouter.swift */ = {isa = PBXFileReference; lastKnownFileType = sourcecode.swift; path = GuideRegisterRouter.swift; sourceTree = "<group>"; };
		E26976022603108A003320EF /* GuideRegisterPresenter.swift */ = {isa = PBXFileReference; lastKnownFileType = sourcecode.swift; path = GuideRegisterPresenter.swift; sourceTree = "<group>"; };
		E2697607260310C1003320EF /* GuideRegisterModule.swift */ = {isa = PBXFileReference; lastKnownFileType = sourcecode.swift; path = GuideRegisterModule.swift; sourceTree = "<group>"; };
		E28B8D5E26036292009CFED7 /* UserAPIResponse.swift */ = {isa = PBXFileReference; lastKnownFileType = sourcecode.swift; path = UserAPIResponse.swift; sourceTree = "<group>"; };
		E28B8D69260369FC009CFED7 /* ChalloEnterpriseTitle.swift */ = {isa = PBXFileReference; lastKnownFileType = sourcecode.swift; path = ChalloEnterpriseTitle.swift; sourceTree = "<group>"; };
		E28B8D7626037883009CFED7 /* ChalloLogger.swift */ = {isa = PBXFileReference; lastKnownFileType = sourcecode.swift; path = ChalloLogger.swift; sourceTree = "<group>"; };
		E29995DA2602633100FCA70A /* RegisterAPI.swift */ = {isa = PBXFileReference; lastKnownFileType = sourcecode.swift; path = RegisterAPI.swift; sourceTree = "<group>"; };
		E2C2441C2600B78E0085BAA4 /* UserAPIInteractor.swift */ = {isa = PBXFileReference; lastKnownFileType = sourcecode.swift; path = UserAPIInteractor.swift; sourceTree = "<group>"; };
		E2C244242600B96E0085BAA4 /* UserCertificate.swift */ = {isa = PBXFileReference; lastKnownFileType = sourcecode.swift; path = UserCertificate.swift; sourceTree = "<group>"; };
		E2D824AC2600C1B20023CBBB /* UserState.swift */ = {isa = PBXFileReference; lastKnownFileType = sourcecode.swift; path = UserState.swift; sourceTree = "<group>"; };
		E2D8967025FFAB200001B026 /* RegisterPresenter.swift */ = {isa = PBXFileReference; fileEncoding = 4; lastKnownFileType = sourcecode.swift; path = RegisterPresenter.swift; sourceTree = "<group>"; };
		E2D8967125FFAB200001B026 /* RegistrationDetails.swift */ = {isa = PBXFileReference; fileEncoding = 4; lastKnownFileType = sourcecode.swift; path = RegistrationDetails.swift; sourceTree = "<group>"; };
		E2D8967225FFAB200001B026 /* RegisterInteractor.swift */ = {isa = PBXFileReference; fileEncoding = 4; lastKnownFileType = sourcecode.swift; path = RegisterInteractor.swift; sourceTree = "<group>"; };
		E2D8967A25FFAB380001B026 /* FacebookLoginService.swift */ = {isa = PBXFileReference; fileEncoding = 4; lastKnownFileType = sourcecode.swift; path = FacebookLoginService.swift; sourceTree = "<group>"; };
		E2D8967C25FFAB380001B026 /* LoginRouter.swift */ = {isa = PBXFileReference; fileEncoding = 4; lastKnownFileType = sourcecode.swift; path = LoginRouter.swift; sourceTree = "<group>"; };
		E2D8967D25FFAB380001B026 /* LoginPresenter.swift */ = {isa = PBXFileReference; fileEncoding = 4; lastKnownFileType = sourcecode.swift; path = LoginPresenter.swift; sourceTree = "<group>"; };
		E2D8967E25FFAB380001B026 /* LoginInteractor.swift */ = {isa = PBXFileReference; fileEncoding = 4; lastKnownFileType = sourcecode.swift; path = LoginInteractor.swift; sourceTree = "<group>"; };
		E2D8968A25FFAB8A0001B026 /* ChalloTitle.swift */ = {isa = PBXFileReference; fileEncoding = 4; lastKnownFileType = sourcecode.swift; path = ChalloTitle.swift; sourceTree = "<group>"; };
		E2D8968B25FFAB8A0001B026 /* LoginRegisterBackground.swift */ = {isa = PBXFileReference; fileEncoding = 4; lastKnownFileType = sourcecode.swift; path = LoginRegisterBackground.swift; sourceTree = "<group>"; };
		E2D8968C25FFAB8A0001B026 /* Card.swift */ = {isa = PBXFileReference; fileEncoding = 4; lastKnownFileType = sourcecode.swift; path = Card.swift; sourceTree = "<group>"; };
		E2D8968D25FFAB8A0001B026 /* RoundedTextField.swift */ = {isa = PBXFileReference; fileEncoding = 4; lastKnownFileType = sourcecode.swift; path = RoundedTextField.swift; sourceTree = "<group>"; };
		E2D8968E25FFAB8A0001B026 /* FacebookLoginButton.swift */ = {isa = PBXFileReference; fileEncoding = 4; lastKnownFileType = sourcecode.swift; path = FacebookLoginButton.swift; sourceTree = "<group>"; };
		E2D8969825FFABA10001B026 /* BorderedButtonStyle.swift */ = {isa = PBXFileReference; fileEncoding = 4; lastKnownFileType = sourcecode.swift; path = BorderedButtonStyle.swift; sourceTree = "<group>"; };
		E2D8969D25FFABBA0001B026 /* LoginForm.swift */ = {isa = PBXFileReference; fileEncoding = 4; lastKnownFileType = sourcecode.swift; path = LoginForm.swift; sourceTree = "<group>"; };
		E2D896A525FFABC50001B026 /* RegisterForm.swift */ = {isa = PBXFileReference; fileEncoding = 4; lastKnownFileType = sourcecode.swift; path = RegisterForm.swift; sourceTree = "<group>"; };
		E2D896AC25FFABD70001B026 /* ContainerView.swift */ = {isa = PBXFileReference; fileEncoding = 4; lastKnownFileType = sourcecode.swift; path = ContainerView.swift; sourceTree = "<group>"; };
		E2D896B225FFABE80001B026 /* Image+ImageAssets.swift */ = {isa = PBXFileReference; fileEncoding = 4; lastKnownFileType = sourcecode.swift; path = "Image+ImageAssets.swift"; sourceTree = "<group>"; };
		E2D896B325FFABE80001B026 /* Color+ThemeColors.swift */ = {isa = PBXFileReference; fileEncoding = 4; lastKnownFileType = sourcecode.swift; path = "Color+ThemeColors.swift"; sourceTree = "<group>"; };
		E2D896D925FFBA210001B026 /* RegisterRouter.swift */ = {isa = PBXFileReference; lastKnownFileType = sourcecode.swift; path = RegisterRouter.swift; sourceTree = "<group>"; };
		E2EF4C0E26050A3600851762 /* UserAPI.swift */ = {isa = PBXFileReference; lastKnownFileType = sourcecode.swift; path = UserAPI.swift; sourceTree = "<group>"; };
		E2F7F3EC2604652300F728FB /* LoginRegisterContainer.swift */ = {isa = PBXFileReference; lastKnownFileType = sourcecode.swift; path = LoginRegisterContainer.swift; sourceTree = "<group>"; };
		E2F7F3F22604691D00F728FB /* SocialLoginService.swift */ = {isa = PBXFileReference; lastKnownFileType = sourcecode.swift; path = SocialLoginService.swift; sourceTree = "<group>"; };
		E2F7F3FA2604693700F728FB /* SocialLoginDelegate.swift */ = {isa = PBXFileReference; lastKnownFileType = sourcecode.swift; path = SocialLoginDelegate.swift; sourceTree = "<group>"; };
/* End PBXFileReference section */

/* Begin PBXFrameworksBuildPhase section */
		E234931C25FB884F00EC90E9 /* Frameworks */ = {
			isa = PBXFrameworksBuildPhase;
			buildActionMask = 2147483647;
			files = (
				B0F349AF3CB87F77584434C4 /* Pods_Challo.framework in Frameworks */,
			);
			runOnlyForDeploymentPostprocessing = 0;
		};
		E234932D25FB885100EC90E9 /* Frameworks */ = {
			isa = PBXFrameworksBuildPhase;
			buildActionMask = 2147483647;
			files = (
				D4A670D2B9132DB104111692 /* Pods_ChalloTests.framework in Frameworks */,
			);
			runOnlyForDeploymentPostprocessing = 0;
		};
		E234933825FB885100EC90E9 /* Frameworks */ = {
			isa = PBXFrameworksBuildPhase;
			buildActionMask = 2147483647;
			files = (
				99EE910BF070DD5F6845522E /* Pods_Challo_ChalloUITests.framework in Frameworks */,
			);
			runOnlyForDeploymentPostprocessing = 0;
		};
/* End PBXFrameworksBuildPhase section */

/* Begin PBXGroup section */
		338C21FD425FDC2B407B5536 /* Pods */ = {
			isa = PBXGroup;
			children = (
				509E731AAC403D033CF6777F /* Pods-Challo.debug.xcconfig */,
				319529DE749B6204E6CE117B /* Pods-Challo.release.xcconfig */,
				26CEF1D24A058AF91D5433CF /* Pods-Challo-ChalloUITests.debug.xcconfig */,
				17BB0539313AB0A941E28A84 /* Pods-Challo-ChalloUITests.release.xcconfig */,
				579E5280C4C85255C7A50899 /* Pods-ChalloTests.debug.xcconfig */,
				0FB94ED8ABE4924DD5399328 /* Pods-ChalloTests.release.xcconfig */,
			);
			path = Pods;
			sourceTree = "<group>";
		};
		6462022D25FEFC6600D89514 /* Common */ = {
			isa = PBXGroup;
			children = (
				E2D896B125FFABDF0001B026 /* Resources */,
				E2D896AB25FFABCA0001B026 /* Utilities */,
				E2D8968925FFAB700001B026 /* ViewComponents */,
				6462024825FEFE0A00D89514 /* Enums */,
				6462023A25FEFD2700D89514 /* Entities */,
				6462022E25FEFC7900D89514 /* Protocols */,
			);
			path = Common;
			sourceTree = "<group>";
		};
		6462022E25FEFC7900D89514 /* Protocols */ = {
			isa = PBXGroup;
			children = (
				6462022F25FEFC7900D89514 /* PresenterProtocol.swift */,
				6462023025FEFC7900D89514 /* ViperModuleProtocol.swift */,
				6462023125FEFC7900D89514 /* RouterProtocol.swift */,
				6462023225FEFC7900D89514 /* InteractorProtocol.swift */,
			);
			path = Protocols;
			sourceTree = "<group>";
		};
		6462023A25FEFD2700D89514 /* Entities */ = {
			isa = PBXGroup;
			children = (
				6462023B25FEFD3800D89514 /* Guide.swift */,
				6462024325FEFD4F00D89514 /* User.swift */,
				6462024E25FF000700D89514 /* Tourist.swift */,
				6462025325FF002100D89514 /* Trail.swift */,
				6462026025FF022D00D89514 /* Area.swift */,
				6462026F25FF5E5E00D89514 /* Review.swift */,
				6462027425FF60D900D89514 /* Booking.swift */,
			);
			path = Entities;
			sourceTree = "<group>";
		};
		6462024825FEFE0A00D89514 /* Enums */ = {
			isa = PBXGroup;
			children = (
				6462024925FEFE1300D89514 /* Days.swift */,
				6462026525FF559400D89514 /* Sex.swift */,
				6462026A25FF574100D89514 /* CaseIterable+ParseString.swift */,
				6462027925FF614F00D89514 /* BookingStatus.swift */,
			);
			path = Enums;
			sourceTree = "<group>";
		};
		AA9E85C725FE706300C2E389 /* Networking */ = {
			isa = PBXGroup;
			children = (
				AA9E85FF25FF111500C2E389 /* Alamofire */,
				AA9E85D525FE735800C2E389 /* NetworkError.swift */,
				AA9E85C825FE70AD00C2E389 /* NetworkManager.swift */,
			);
			path = Networking;
			sourceTree = "<group>";
		};
		AA9E85FF25FF111500C2E389 /* Alamofire */ = {
			isa = PBXGroup;
			children = (
				AA9E85E025FE740500C2E389 /* AlamofireManager.swift */,
			);
			path = Alamofire;
			sourceTree = "<group>";
		};
		E22333EA2602500700B6A236 /* GuideLogin */ = {
			isa = PBXGroup;
			children = (
				E22333EB2602503E00B6A236 /* GuideLoginPage.swift */,
				E22333F32602522D00B6A236 /* GuideLoginPresenter.swift */,
				E22333F82602526200B6A236 /* GuideLoginRouter.swift */,
				E22333FD2602532500B6A236 /* GuideLoginInteractor.swift */,
				E22334022602534700B6A236 /* GuideLoginModule.swift */,
				E267FD102604DD260007815D /* GuideLoginAPI.swift */,
			);
			path = GuideLogin;
			sourceTree = "<group>";
		};
		E223340A2602577000B6A236 /* TouristLogin */ = {
			isa = PBXGroup;
			children = (
				E223340B2602578400B6A236 /* TouristLoginPage.swift */,
				E223341C260257F600B6A236 /* TouristLoginPresenter.swift */,
				E22334212602580D00B6A236 /* TouristLoginRouter.swift */,
				E22334262602586F00B6A236 /* TouristLoginInteractor.swift */,
				E223342B2602589100B6A236 /* TouristLoginModule.swift */,
				E267FD152604DDA10007815D /* TouristLoginAPI.swift */,
			);
			path = TouristLogin;
			sourceTree = "<group>";
		};
		E223343626025A7600B6A236 /* TouristRegister */ = {
			isa = PBXGroup;
			children = (
				E223343726025B0200B6A236 /* TouristRegisterPage.swift */,
				E223343F26025B4200B6A236 /* TouristRegisterPresenter.swift */,
				E223344426025B5E00B6A236 /* TouristRegisterInteractor.swift */,
				E223344926025B7800B6A236 /* TouristRegisterRouter.swift */,
				E223344E26025BE700B6A236 /* TouristRegisterModule.swift */,
				E267FCFE2604DA400007815D /* TouristRegistrationAPI.swift */,
			);
			path = TouristRegister;
			sourceTree = "<group>";
		};
		E223345326025D3A00B6A236 /* GuideRegister */ = {
			isa = PBXGroup;
			children = (
				E26975F026030FD4003320EF /* GuideRegisterPage.swift */,
				E26975F526031030003320EF /* GuideRegisterInteractor.swift */,
				E26975FD2603105D003320EF /* GuideRegisterRouter.swift */,
				E26976022603108A003320EF /* GuideRegisterPresenter.swift */,
				E2697607260310C1003320EF /* GuideRegisterModule.swift */,
				E267FD062604DB780007815D /* GuideRegistrationAPI.swift */,
			);
			path = GuideRegister;
			sourceTree = "<group>";
		};
		E234931625FB884F00EC90E9 = {
			isa = PBXGroup;
			children = (
				E234932125FB884F00EC90E9 /* Challo */,
				E234933325FB885100EC90E9 /* ChalloTests */,
				E234933E25FB885100EC90E9 /* ChalloUITests */,
				E234932025FB884F00EC90E9 /* Products */,
				338C21FD425FDC2B407B5536 /* Pods */,
				EB8898A86AE48A027123AD32 /* Frameworks */,
			);
			sourceTree = "<group>";
		};
		E234932025FB884F00EC90E9 /* Products */ = {
			isa = PBXGroup;
			children = (
				E234931F25FB884F00EC90E9 /* Challo.app */,
				E234933025FB885100EC90E9 /* ChalloTests.xctest */,
				E234933B25FB885100EC90E9 /* ChalloUITests.xctest */,
			);
			name = Products;
			sourceTree = "<group>";
		};
		E234932125FB884F00EC90E9 /* Challo */ = {
			isa = PBXGroup;
			children = (
				E2D8966E25FFAAFC0001B026 /* Modules */,
				6462022D25FEFC6600D89514 /* Common */,
				AA9E85C725FE706300C2E389 /* Networking */,
				E234932225FB884F00EC90E9 /* ChalloApp.swift */,
				E234932425FB884F00EC90E9 /* ContentView.swift */,
				E234932625FB885100EC90E9 /* Assets.xcassets */,
				E234932B25FB885100EC90E9 /* Info.plist */,
				E234932825FB885100EC90E9 /* Preview Content */,
			);
			path = Challo;
			sourceTree = "<group>";
		};
		E234932825FB885100EC90E9 /* Preview Content */ = {
			isa = PBXGroup;
			children = (
				E234932925FB885100EC90E9 /* Preview Assets.xcassets */,
			);
			path = "Preview Content";
			sourceTree = "<group>";
		};
		E234933325FB885100EC90E9 /* ChalloTests */ = {
			isa = PBXGroup;
			children = (
				E234933425FB885100EC90E9 /* ChalloTests.swift */,
				E234933625FB885100EC90E9 /* Info.plist */,
			);
			path = ChalloTests;
			sourceTree = "<group>";
		};
		E234933E25FB885100EC90E9 /* ChalloUITests */ = {
			isa = PBXGroup;
			children = (
				E234933F25FB885100EC90E9 /* ChalloUITests.swift */,
				E234934125FB885100EC90E9 /* Info.plist */,
			);
			path = ChalloUITests;
			sourceTree = "<group>";
		};
		E2C2441A2600B74D0085BAA4 /* Common */ = {
			isa = PBXGroup;
			children = (
				E2C2441B2600B76C0085BAA4 /* UserManagement */,
			);
			path = Common;
			sourceTree = "<group>";
		};
		E2C2441B2600B76C0085BAA4 /* UserManagement */ = {
			isa = PBXGroup;
			children = (
				E2C2441C2600B78E0085BAA4 /* UserAPIInteractor.swift */,
				E2C244242600B96E0085BAA4 /* UserCertificate.swift */,
				E2D824AC2600C1B20023CBBB /* UserState.swift */,
				E22333E026024C1D00B6A236 /* LoginAPI.swift */,
				E29995DA2602633100FCA70A /* RegisterAPI.swift */,
				E28B8D5E26036292009CFED7 /* UserAPIResponse.swift */,
				E267FD232604ED450007815D /* CertificateManager.swift */,
				E2EF4C0E26050A3600851762 /* UserAPI.swift */,
			);
			path = UserManagement;
			sourceTree = "<group>";
		};
		E2C8FA76260464600098BBE6 /* LoginRegister */ = {
			isa = PBXGroup;
			children = (
				E2F7F3F1260468C400F728FB /* Socials */,
				E2D8968B25FFAB8A0001B026 /* LoginRegisterBackground.swift */,
				E2D8967925FFAB2B0001B026 /* Login */,
				E2D8966F25FFAB130001B026 /* Register */,
				E2F7F3EC2604652300F728FB /* LoginRegisterContainer.swift */,
			);
			path = LoginRegister;
			sourceTree = "<group>";
		};
		E2D8966E25FFAAFC0001B026 /* Modules */ = {
			isa = PBXGroup;
			children = (
				E2C8FA76260464600098BBE6 /* LoginRegister */,
				E2C2441A2600B74D0085BAA4 /* Common */,
			);
			path = Modules;
			sourceTree = "<group>";
		};
		E2D8966F25FFAB130001B026 /* Register */ = {
			isa = PBXGroup;
			children = (
				E223345326025D3A00B6A236 /* GuideRegister */,
				E223343626025A7600B6A236 /* TouristRegister */,
				E2D896A525FFABC50001B026 /* RegisterForm.swift */,
				E2D8967225FFAB200001B026 /* RegisterInteractor.swift */,
				E2D8967025FFAB200001B026 /* RegisterPresenter.swift */,
				E2D8967125FFAB200001B026 /* RegistrationDetails.swift */,
				E2D896D925FFBA210001B026 /* RegisterRouter.swift */,
			);
			path = Register;
			sourceTree = "<group>";
		};
		E2D8967925FFAB2B0001B026 /* Login */ = {
			isa = PBXGroup;
			children = (
				E223340A2602577000B6A236 /* TouristLogin */,
				E22333EA2602500700B6A236 /* GuideLogin */,
				E2D8967E25FFAB380001B026 /* LoginInteractor.swift */,
				E2D8967D25FFAB380001B026 /* LoginPresenter.swift */,
				E2D8967C25FFAB380001B026 /* LoginRouter.swift */,
				E2D8969D25FFABBA0001B026 /* LoginForm.swift */,
			);
			path = Login;
			sourceTree = "<group>";
		};
		E2D8968925FFAB700001B026 /* ViewComponents */ = {
			isa = PBXGroup;
			children = (
				E2D8969725FFAB970001B026 /* ButtonStyles */,
				E2D8968C25FFAB8A0001B026 /* Card.swift */,
				E2D8968A25FFAB8A0001B026 /* ChalloTitle.swift */,
				E2D8968E25FFAB8A0001B026 /* FacebookLoginButton.swift */,
				E2D8968D25FFAB8A0001B026 /* RoundedTextField.swift */,
				E28B8D69260369FC009CFED7 /* ChalloEnterpriseTitle.swift */,
			);
			path = ViewComponents;
			sourceTree = "<group>";
		};
		E2D8969725FFAB970001B026 /* ButtonStyles */ = {
			isa = PBXGroup;
			children = (
				E2D8969825FFABA10001B026 /* BorderedButtonStyle.swift */,
			);
			path = ButtonStyles;
			sourceTree = "<group>";
		};
		E2D896AB25FFABCA0001B026 /* Utilities */ = {
			isa = PBXGroup;
			children = (
				E2D896AC25FFABD70001B026 /* ContainerView.swift */,
				E28B8D7626037883009CFED7 /* ChalloLogger.swift */,
			);
			path = Utilities;
			sourceTree = "<group>";
		};
		E2D896B125FFABDF0001B026 /* Resources */ = {
			isa = PBXGroup;
			children = (
				E2D896B325FFABE80001B026 /* Color+ThemeColors.swift */,
				E2D896B225FFABE80001B026 /* Image+ImageAssets.swift */,
			);
			path = Resources;
			sourceTree = "<group>";
		};
		E2F7F3F1260468C400F728FB /* Socials */ = {
			isa = PBXGroup;
			children = (
				E2D8967A25FFAB380001B026 /* FacebookLoginService.swift */,
				E2F7F3F22604691D00F728FB /* SocialLoginService.swift */,
				E2F7F3FA2604693700F728FB /* SocialLoginDelegate.swift */,
				E268C496260469F200AA5F53 /* SocialLoginResponse.swift */,
				E268C49E26046CCF00AA5F53 /* SocialLoginInteractor.swift */,
				E268C4A326046FEE00AA5F53 /* SocialLoginPresenter.swift */,
			);
			path = Socials;
			sourceTree = "<group>";
		};
		EB8898A86AE48A027123AD32 /* Frameworks */ = {
			isa = PBXGroup;
			children = (
				2EC2C4523E0BAD62412B118A /* Pods_Challo.framework */,
				B80BF62921A7ECE90E2050F2 /* Pods_Challo_ChalloUITests.framework */,
				5391AD75BD73BA41A633358D /* Pods_ChalloTests.framework */,
			);
			name = Frameworks;
			sourceTree = "<group>";
		};
/* End PBXGroup section */

/* Begin PBXNativeTarget section */
		E234931E25FB884F00EC90E9 /* Challo */ = {
			isa = PBXNativeTarget;
			buildConfigurationList = E234934425FB885100EC90E9 /* Build configuration list for PBXNativeTarget "Challo" */;
			buildPhases = (
				13DC2D1D1917D45DC655A5AD /* [CP] Check Pods Manifest.lock */,
				E234931B25FB884F00EC90E9 /* Sources */,
				E234931C25FB884F00EC90E9 /* Frameworks */,
				E234931D25FB884F00EC90E9 /* Resources */,
				D1147EAFD4B6180D50B77CB4 /* [CP] Embed Pods Frameworks */,
				AA9E861D25FF46D100C2E389 /* ShellScript */,
			);
			buildRules = (
			);
			dependencies = (
			);
			name = Challo;
			productName = Challo;
			productReference = E234931F25FB884F00EC90E9 /* Challo.app */;
			productType = "com.apple.product-type.application";
		};
		E234932F25FB885100EC90E9 /* ChalloTests */ = {
			isa = PBXNativeTarget;
			buildConfigurationList = E234934725FB885100EC90E9 /* Build configuration list for PBXNativeTarget "ChalloTests" */;
			buildPhases = (
				F6B18158CE5FE9610A85700E /* [CP] Check Pods Manifest.lock */,
				E234932C25FB885100EC90E9 /* Sources */,
				E234932D25FB885100EC90E9 /* Frameworks */,
				E234932E25FB885100EC90E9 /* Resources */,
			);
			buildRules = (
			);
			dependencies = (
				E234933225FB885100EC90E9 /* PBXTargetDependency */,
			);
			name = ChalloTests;
			productName = ChalloTests;
			productReference = E234933025FB885100EC90E9 /* ChalloTests.xctest */;
			productType = "com.apple.product-type.bundle.unit-test";
		};
		E234933A25FB885100EC90E9 /* ChalloUITests */ = {
			isa = PBXNativeTarget;
			buildConfigurationList = E234934A25FB885100EC90E9 /* Build configuration list for PBXNativeTarget "ChalloUITests" */;
			buildPhases = (
				F65822FBB066D37E6EF948E2 /* [CP] Check Pods Manifest.lock */,
				E234933725FB885100EC90E9 /* Sources */,
				E234933825FB885100EC90E9 /* Frameworks */,
				E234933925FB885100EC90E9 /* Resources */,
				74A5AEE9CFC38C5CF296937A /* [CP] Embed Pods Frameworks */,
			);
			buildRules = (
			);
			dependencies = (
				E234933D25FB885100EC90E9 /* PBXTargetDependency */,
			);
			name = ChalloUITests;
			productName = ChalloUITests;
			productReference = E234933B25FB885100EC90E9 /* ChalloUITests.xctest */;
			productType = "com.apple.product-type.bundle.ui-testing";
		};
/* End PBXNativeTarget section */

/* Begin PBXProject section */
		E234931725FB884F00EC90E9 /* Project object */ = {
			isa = PBXProject;
			attributes = {
				LastSwiftUpdateCheck = 1230;
				LastUpgradeCheck = 1230;
				TargetAttributes = {
					E234931E25FB884F00EC90E9 = {
						CreatedOnToolsVersion = 12.3;
					};
					E234932F25FB885100EC90E9 = {
						CreatedOnToolsVersion = 12.3;
						TestTargetID = E234931E25FB884F00EC90E9;
					};
					E234933A25FB885100EC90E9 = {
						CreatedOnToolsVersion = 12.3;
						TestTargetID = E234931E25FB884F00EC90E9;
					};
				};
			};
			buildConfigurationList = E234931A25FB884F00EC90E9 /* Build configuration list for PBXProject "Challo" */;
			compatibilityVersion = "Xcode 9.3";
			developmentRegion = en;
			hasScannedForEncodings = 0;
			knownRegions = (
				en,
				Base,
			);
			mainGroup = E234931625FB884F00EC90E9;
			productRefGroup = E234932025FB884F00EC90E9 /* Products */;
			projectDirPath = "";
			projectRoot = "";
			targets = (
				E234931E25FB884F00EC90E9 /* Challo */,
				E234932F25FB885100EC90E9 /* ChalloTests */,
				E234933A25FB885100EC90E9 /* ChalloUITests */,
			);
		};
/* End PBXProject section */

/* Begin PBXResourcesBuildPhase section */
		E234931D25FB884F00EC90E9 /* Resources */ = {
			isa = PBXResourcesBuildPhase;
			buildActionMask = 2147483647;
			files = (
				E234932A25FB885100EC90E9 /* Preview Assets.xcassets in Resources */,
				E234932725FB885100EC90E9 /* Assets.xcassets in Resources */,
			);
			runOnlyForDeploymentPostprocessing = 0;
		};
		E234932E25FB885100EC90E9 /* Resources */ = {
			isa = PBXResourcesBuildPhase;
			buildActionMask = 2147483647;
			files = (
			);
			runOnlyForDeploymentPostprocessing = 0;
		};
		E234933925FB885100EC90E9 /* Resources */ = {
			isa = PBXResourcesBuildPhase;
			buildActionMask = 2147483647;
			files = (
			);
			runOnlyForDeploymentPostprocessing = 0;
		};
/* End PBXResourcesBuildPhase section */

/* Begin PBXShellScriptBuildPhase section */
		13DC2D1D1917D45DC655A5AD /* [CP] Check Pods Manifest.lock */ = {
			isa = PBXShellScriptBuildPhase;
			buildActionMask = 2147483647;
			files = (
			);
			inputFileListPaths = (
			);
			inputPaths = (
				"${PODS_PODFILE_DIR_PATH}/Podfile.lock",
				"${PODS_ROOT}/Manifest.lock",
			);
			name = "[CP] Check Pods Manifest.lock";
			outputFileListPaths = (
			);
			outputPaths = (
				"$(DERIVED_FILE_DIR)/Pods-Challo-checkManifestLockResult.txt",
			);
			runOnlyForDeploymentPostprocessing = 0;
			shellPath = /bin/sh;
			shellScript = "diff \"${PODS_PODFILE_DIR_PATH}/Podfile.lock\" \"${PODS_ROOT}/Manifest.lock\" > /dev/null\nif [ $? != 0 ] ; then\n    # print error to STDERR\n    echo \"error: The sandbox is not in sync with the Podfile.lock. Run 'pod install' or update your CocoaPods installation.\" >&2\n    exit 1\nfi\n# This output is used by Xcode 'outputs' to avoid re-running this script phase.\necho \"SUCCESS\" > \"${SCRIPT_OUTPUT_FILE_0}\"\n";
			showEnvVarsInLog = 0;
		};
		74A5AEE9CFC38C5CF296937A /* [CP] Embed Pods Frameworks */ = {
			isa = PBXShellScriptBuildPhase;
			buildActionMask = 2147483647;
			files = (
			);
			inputFileListPaths = (
				"${PODS_ROOT}/Target Support Files/Pods-Challo-ChalloUITests/Pods-Challo-ChalloUITests-frameworks-${CONFIGURATION}-input-files.xcfilelist",
			);
			name = "[CP] Embed Pods Frameworks";
			outputFileListPaths = (
				"${PODS_ROOT}/Target Support Files/Pods-Challo-ChalloUITests/Pods-Challo-ChalloUITests-frameworks-${CONFIGURATION}-output-files.xcfilelist",
			);
			runOnlyForDeploymentPostprocessing = 0;
			shellPath = /bin/sh;
			shellScript = "\"${PODS_ROOT}/Target Support Files/Pods-Challo-ChalloUITests/Pods-Challo-ChalloUITests-frameworks.sh\"\n";
			showEnvVarsInLog = 0;
		};
		AA9E861D25FF46D100C2E389 /* ShellScript */ = {
			isa = PBXShellScriptBuildPhase;
			buildActionMask = 2147483647;
			files = (
			);
			inputFileListPaths = (
			);
			inputPaths = (
			);
			outputFileListPaths = (
			);
			outputPaths = (
			);
			runOnlyForDeploymentPostprocessing = 0;
			shellPath = /bin/sh;
			shellScript = "# Type a script or drag a script file from your workspace to insert its path.\nif which swiftlint >/dev/null; then\n  swiftlint\nelse\n  echo \"warning: SwiftLint not installed, download from https://github.com/realm/SwiftLint\"\nfi\n";
		};
		D1147EAFD4B6180D50B77CB4 /* [CP] Embed Pods Frameworks */ = {
			isa = PBXShellScriptBuildPhase;
			buildActionMask = 2147483647;
			files = (
			);
			inputFileListPaths = (
				"${PODS_ROOT}/Target Support Files/Pods-Challo/Pods-Challo-frameworks-${CONFIGURATION}-input-files.xcfilelist",
			);
			name = "[CP] Embed Pods Frameworks";
			outputFileListPaths = (
				"${PODS_ROOT}/Target Support Files/Pods-Challo/Pods-Challo-frameworks-${CONFIGURATION}-output-files.xcfilelist",
			);
			runOnlyForDeploymentPostprocessing = 0;
			shellPath = /bin/sh;
			shellScript = "\"${PODS_ROOT}/Target Support Files/Pods-Challo/Pods-Challo-frameworks.sh\"\n";
			showEnvVarsInLog = 0;
		};
		F65822FBB066D37E6EF948E2 /* [CP] Check Pods Manifest.lock */ = {
			isa = PBXShellScriptBuildPhase;
			buildActionMask = 2147483647;
			files = (
			);
			inputFileListPaths = (
			);
			inputPaths = (
				"${PODS_PODFILE_DIR_PATH}/Podfile.lock",
				"${PODS_ROOT}/Manifest.lock",
			);
			name = "[CP] Check Pods Manifest.lock";
			outputFileListPaths = (
			);
			outputPaths = (
				"$(DERIVED_FILE_DIR)/Pods-Challo-ChalloUITests-checkManifestLockResult.txt",
			);
			runOnlyForDeploymentPostprocessing = 0;
			shellPath = /bin/sh;
			shellScript = "diff \"${PODS_PODFILE_DIR_PATH}/Podfile.lock\" \"${PODS_ROOT}/Manifest.lock\" > /dev/null\nif [ $? != 0 ] ; then\n    # print error to STDERR\n    echo \"error: The sandbox is not in sync with the Podfile.lock. Run 'pod install' or update your CocoaPods installation.\" >&2\n    exit 1\nfi\n# This output is used by Xcode 'outputs' to avoid re-running this script phase.\necho \"SUCCESS\" > \"${SCRIPT_OUTPUT_FILE_0}\"\n";
			showEnvVarsInLog = 0;
		};
		F6B18158CE5FE9610A85700E /* [CP] Check Pods Manifest.lock */ = {
			isa = PBXShellScriptBuildPhase;
			buildActionMask = 2147483647;
			files = (
			);
			inputFileListPaths = (
			);
			inputPaths = (
				"${PODS_PODFILE_DIR_PATH}/Podfile.lock",
				"${PODS_ROOT}/Manifest.lock",
			);
			name = "[CP] Check Pods Manifest.lock";
			outputFileListPaths = (
			);
			outputPaths = (
				"$(DERIVED_FILE_DIR)/Pods-ChalloTests-checkManifestLockResult.txt",
			);
			runOnlyForDeploymentPostprocessing = 0;
			shellPath = /bin/sh;
			shellScript = "diff \"${PODS_PODFILE_DIR_PATH}/Podfile.lock\" \"${PODS_ROOT}/Manifest.lock\" > /dev/null\nif [ $? != 0 ] ; then\n    # print error to STDERR\n    echo \"error: The sandbox is not in sync with the Podfile.lock. Run 'pod install' or update your CocoaPods installation.\" >&2\n    exit 1\nfi\n# This output is used by Xcode 'outputs' to avoid re-running this script phase.\necho \"SUCCESS\" > \"${SCRIPT_OUTPUT_FILE_0}\"\n";
			showEnvVarsInLog = 0;
		};
/* End PBXShellScriptBuildPhase section */

/* Begin PBXSourcesBuildPhase section */
		E234931B25FB884F00EC90E9 /* Sources */ = {
			isa = PBXSourcesBuildPhase;
			buildActionMask = 2147483647;
			files = (
				6462025425FF002100D89514 /* Trail.swift in Sources */,
				E267FD242604ED450007815D /* CertificateManager.swift in Sources */,
				6462027525FF60D900D89514 /* Booking.swift in Sources */,
				E22333F42602522D00B6A236 /* GuideLoginPresenter.swift in Sources */,
				AA9E85C925FE70AD00C2E389 /* NetworkManager.swift in Sources */,
				E223341D260257F600B6A236 /* TouristLoginPresenter.swift in Sources */,
				AA9E85D625FE735800C2E389 /* NetworkError.swift in Sources */,
				E234932525FB884F00EC90E9 /* ContentView.swift in Sources */,
				E223344026025B4200B6A236 /* TouristRegisterPresenter.swift in Sources */,
				E2D896A725FFABC50001B026 /* RegisterForm.swift in Sources */,
				E268C4A426046FEE00AA5F53 /* SocialLoginPresenter.swift in Sources */,
				E26975F126030FD4003320EF /* GuideRegisterPage.swift in Sources */,
				AA9E85E125FE740500C2E389 /* AlamofireManager.swift in Sources */,
				E22334272602586F00B6A236 /* TouristLoginInteractor.swift in Sources */,
				E234932325FB884F00EC90E9 /* ChalloApp.swift in Sources */,
				E2F7F3F32604691D00F728FB /* SocialLoginService.swift in Sources */,
				E2D8969F25FFABBA0001B026 /* LoginForm.swift in Sources */,
				E2D896B425FFABE80001B026 /* Image+ImageAssets.swift in Sources */,
				E2D8969225FFAB8A0001B026 /* RoundedTextField.swift in Sources */,
				6462023625FEFC7900D89514 /* InteractorProtocol.swift in Sources */,
				E223344A26025B7800B6A236 /* TouristRegisterRouter.swift in Sources */,
				E26975FE2603105D003320EF /* GuideRegisterRouter.swift in Sources */,
				E26975F626031030003320EF /* GuideRegisterInteractor.swift in Sources */,
				E268C497260469F200AA5F53 /* SocialLoginResponse.swift in Sources */,
				6462023525FEFC7900D89514 /* RouterProtocol.swift in Sources */,
				E22333EC2602503E00B6A236 /* GuideLoginPage.swift in Sources */,
				6462027025FF5E5E00D89514 /* Review.swift in Sources */,
				E26976032603108A003320EF /* GuideRegisterPresenter.swift in Sources */,
				E22334032602534700B6A236 /* GuideLoginModule.swift in Sources */,
				6462027A25FF614F00D89514 /* BookingStatus.swift in Sources */,
				E28B8D5F26036292009CFED7 /* UserAPIResponse.swift in Sources */,
				E2D8968F25FFAB8A0001B026 /* ChalloTitle.swift in Sources */,
				6462024425FEFD4F00D89514 /* User.swift in Sources */,
				E2D8968325FFAB380001B026 /* LoginPresenter.swift in Sources */,
				E267FD112604DD260007815D /* GuideLoginAPI.swift in Sources */,
				E2D8969025FFAB8A0001B026 /* LoginRegisterBackground.swift in Sources */,
				E22334222602580D00B6A236 /* TouristLoginRouter.swift in Sources */,
				E223344F26025BE700B6A236 /* TouristRegisterModule.swift in Sources */,
				6462026625FF559400D89514 /* Sex.swift in Sources */,
				E2F7F3FB2604693700F728FB /* SocialLoginDelegate.swift in Sources */,
				E268C49F26046CCF00AA5F53 /* SocialLoginInteractor.swift in Sources */,
				E2697608260310C1003320EF /* GuideRegisterModule.swift in Sources */,
				E2D896AD25FFABD70001B026 /* ContainerView.swift in Sources */,
				6462023C25FEFD3800D89514 /* Guide.swift in Sources */,
				E22333F92602526200B6A236 /* GuideLoginRouter.swift in Sources */,
				E267FD162604DDA10007815D /* TouristLoginAPI.swift in Sources */,
				6462024F25FF000700D89514 /* Tourist.swift in Sources */,
				E2D8969325FFAB8A0001B026 /* FacebookLoginButton.swift in Sources */,
				E22333FE2602532500B6A236 /* GuideLoginInteractor.swift in Sources */,
				E2D8968425FFAB380001B026 /* LoginInteractor.swift in Sources */,
				6462023425FEFC7900D89514 /* ViperModuleProtocol.swift in Sources */,
				E2D8967325FFAB200001B026 /* RegisterPresenter.swift in Sources */,
				E223344526025B5E00B6A236 /* TouristRegisterInteractor.swift in Sources */,
				E2D8968025FFAB380001B026 /* FacebookLoginService.swift in Sources */,
				6462024A25FEFE1300D89514 /* Days.swift in Sources */,
				6462026125FF022D00D89514 /* Area.swift in Sources */,
				E2F7F3ED2604652300F728FB /* LoginRegisterContainer.swift in Sources */,
				E2D8967425FFAB200001B026 /* RegistrationDetails.swift in Sources */,
				E2C244252600B96E0085BAA4 /* UserCertificate.swift in Sources */,
				E267FCFF2604DA400007815D /* TouristRegistrationAPI.swift in Sources */,
				E29995DB2602633100FCA70A /* RegisterAPI.swift in Sources */,
				E2EF4C0F26050A3600851762 /* UserAPI.swift in Sources */,
				6462026B25FF574100D89514 /* CaseIterable+ParseString.swift in Sources */,
				E223342C2602589100B6A236 /* TouristLoginModule.swift in Sources */,
				E223340C2602578400B6A236 /* TouristLoginPage.swift in Sources */,
				E2D896B525FFABE80001B026 /* Color+ThemeColors.swift in Sources */,
				E267FD072604DB780007815D /* GuideRegistrationAPI.swift in Sources */,
				E2D8967525FFAB200001B026 /* RegisterInteractor.swift in Sources */,
				E2D824AD2600C1B20023CBBB /* UserState.swift in Sources */,
				E2D896DA25FFBA210001B026 /* RegisterRouter.swift in Sources */,
				E22333E126024C1D00B6A236 /* LoginAPI.swift in Sources */,
				E28B8D6A260369FC009CFED7 /* ChalloEnterpriseTitle.swift in Sources */,
				E2C2441D2600B78E0085BAA4 /* UserAPIInteractor.swift in Sources */,
				E2D8968225FFAB380001B026 /* LoginRouter.swift in Sources */,
				6462023325FEFC7900D89514 /* PresenterProtocol.swift in Sources */,
				E223343826025B0200B6A236 /* TouristRegisterPage.swift in Sources */,
				E28B8D7726037883009CFED7 /* ChalloLogger.swift in Sources */,
				E2D8969125FFAB8A0001B026 /* Card.swift in Sources */,
				E2D8969925FFABA10001B026 /* BorderedButtonStyle.swift in Sources */,
			);
			runOnlyForDeploymentPostprocessing = 0;
		};
		E234932C25FB885100EC90E9 /* Sources */ = {
			isa = PBXSourcesBuildPhase;
			buildActionMask = 2147483647;
			files = (
				E234933525FB885100EC90E9 /* ChalloTests.swift in Sources */,
			);
			runOnlyForDeploymentPostprocessing = 0;
		};
		E234933725FB885100EC90E9 /* Sources */ = {
			isa = PBXSourcesBuildPhase;
			buildActionMask = 2147483647;
			files = (
				E234934025FB885100EC90E9 /* ChalloUITests.swift in Sources */,
			);
			runOnlyForDeploymentPostprocessing = 0;
		};
/* End PBXSourcesBuildPhase section */

/* Begin PBXTargetDependency section */
		E234933225FB885100EC90E9 /* PBXTargetDependency */ = {
			isa = PBXTargetDependency;
			target = E234931E25FB884F00EC90E9 /* Challo */;
			targetProxy = E234933125FB885100EC90E9 /* PBXContainerItemProxy */;
		};
		E234933D25FB885100EC90E9 /* PBXTargetDependency */ = {
			isa = PBXTargetDependency;
			target = E234931E25FB884F00EC90E9 /* Challo */;
			targetProxy = E234933C25FB885100EC90E9 /* PBXContainerItemProxy */;
		};
/* End PBXTargetDependency section */

/* Begin XCBuildConfiguration section */
		E234934225FB885100EC90E9 /* Debug */ = {
			isa = XCBuildConfiguration;
			buildSettings = {
				ALWAYS_SEARCH_USER_PATHS = NO;
				CLANG_ANALYZER_NONNULL = YES;
				CLANG_ANALYZER_NUMBER_OBJECT_CONVERSION = YES_AGGRESSIVE;
				CLANG_CXX_LANGUAGE_STANDARD = "gnu++14";
				CLANG_CXX_LIBRARY = "libc++";
				CLANG_ENABLE_MODULES = YES;
				CLANG_ENABLE_OBJC_ARC = YES;
				CLANG_ENABLE_OBJC_WEAK = YES;
				CLANG_WARN_BLOCK_CAPTURE_AUTORELEASING = YES;
				CLANG_WARN_BOOL_CONVERSION = YES;
				CLANG_WARN_COMMA = YES;
				CLANG_WARN_CONSTANT_CONVERSION = YES;
				CLANG_WARN_DEPRECATED_OBJC_IMPLEMENTATIONS = YES;
				CLANG_WARN_DIRECT_OBJC_ISA_USAGE = YES_ERROR;
				CLANG_WARN_DOCUMENTATION_COMMENTS = YES;
				CLANG_WARN_EMPTY_BODY = YES;
				CLANG_WARN_ENUM_CONVERSION = YES;
				CLANG_WARN_INFINITE_RECURSION = YES;
				CLANG_WARN_INT_CONVERSION = YES;
				CLANG_WARN_NON_LITERAL_NULL_CONVERSION = YES;
				CLANG_WARN_OBJC_IMPLICIT_RETAIN_SELF = YES;
				CLANG_WARN_OBJC_LITERAL_CONVERSION = YES;
				CLANG_WARN_OBJC_ROOT_CLASS = YES_ERROR;
				CLANG_WARN_QUOTED_INCLUDE_IN_FRAMEWORK_HEADER = YES;
				CLANG_WARN_RANGE_LOOP_ANALYSIS = YES;
				CLANG_WARN_STRICT_PROTOTYPES = YES;
				CLANG_WARN_SUSPICIOUS_MOVE = YES;
				CLANG_WARN_UNGUARDED_AVAILABILITY = YES_AGGRESSIVE;
				CLANG_WARN_UNREACHABLE_CODE = YES;
				CLANG_WARN__DUPLICATE_METHOD_MATCH = YES;
				COPY_PHASE_STRIP = NO;
				DEBUG_INFORMATION_FORMAT = dwarf;
				ENABLE_STRICT_OBJC_MSGSEND = YES;
				ENABLE_TESTABILITY = YES;
				GCC_C_LANGUAGE_STANDARD = gnu11;
				GCC_DYNAMIC_NO_PIC = NO;
				GCC_NO_COMMON_BLOCKS = YES;
				GCC_OPTIMIZATION_LEVEL = 0;
				GCC_PREPROCESSOR_DEFINITIONS = (
					"DEBUG=1",
					"$(inherited)",
				);
				GCC_WARN_64_TO_32_BIT_CONVERSION = YES;
				GCC_WARN_ABOUT_RETURN_TYPE = YES_ERROR;
				GCC_WARN_UNDECLARED_SELECTOR = YES;
				GCC_WARN_UNINITIALIZED_AUTOS = YES_AGGRESSIVE;
				GCC_WARN_UNUSED_FUNCTION = YES;
				GCC_WARN_UNUSED_VARIABLE = YES;
				IPHONEOS_DEPLOYMENT_TARGET = 14.3;
				MTL_ENABLE_DEBUG_INFO = INCLUDE_SOURCE;
				MTL_FAST_MATH = YES;
				ONLY_ACTIVE_ARCH = YES;
				SDKROOT = iphoneos;
				SWIFT_ACTIVE_COMPILATION_CONDITIONS = DEBUG;
				SWIFT_OPTIMIZATION_LEVEL = "-Onone";
			};
			name = Debug;
		};
		E234934325FB885100EC90E9 /* Release */ = {
			isa = XCBuildConfiguration;
			buildSettings = {
				ALWAYS_SEARCH_USER_PATHS = NO;
				CLANG_ANALYZER_NONNULL = YES;
				CLANG_ANALYZER_NUMBER_OBJECT_CONVERSION = YES_AGGRESSIVE;
				CLANG_CXX_LANGUAGE_STANDARD = "gnu++14";
				CLANG_CXX_LIBRARY = "libc++";
				CLANG_ENABLE_MODULES = YES;
				CLANG_ENABLE_OBJC_ARC = YES;
				CLANG_ENABLE_OBJC_WEAK = YES;
				CLANG_WARN_BLOCK_CAPTURE_AUTORELEASING = YES;
				CLANG_WARN_BOOL_CONVERSION = YES;
				CLANG_WARN_COMMA = YES;
				CLANG_WARN_CONSTANT_CONVERSION = YES;
				CLANG_WARN_DEPRECATED_OBJC_IMPLEMENTATIONS = YES;
				CLANG_WARN_DIRECT_OBJC_ISA_USAGE = YES_ERROR;
				CLANG_WARN_DOCUMENTATION_COMMENTS = YES;
				CLANG_WARN_EMPTY_BODY = YES;
				CLANG_WARN_ENUM_CONVERSION = YES;
				CLANG_WARN_INFINITE_RECURSION = YES;
				CLANG_WARN_INT_CONVERSION = YES;
				CLANG_WARN_NON_LITERAL_NULL_CONVERSION = YES;
				CLANG_WARN_OBJC_IMPLICIT_RETAIN_SELF = YES;
				CLANG_WARN_OBJC_LITERAL_CONVERSION = YES;
				CLANG_WARN_OBJC_ROOT_CLASS = YES_ERROR;
				CLANG_WARN_QUOTED_INCLUDE_IN_FRAMEWORK_HEADER = YES;
				CLANG_WARN_RANGE_LOOP_ANALYSIS = YES;
				CLANG_WARN_STRICT_PROTOTYPES = YES;
				CLANG_WARN_SUSPICIOUS_MOVE = YES;
				CLANG_WARN_UNGUARDED_AVAILABILITY = YES_AGGRESSIVE;
				CLANG_WARN_UNREACHABLE_CODE = YES;
				CLANG_WARN__DUPLICATE_METHOD_MATCH = YES;
				COPY_PHASE_STRIP = NO;
				DEBUG_INFORMATION_FORMAT = "dwarf-with-dsym";
				ENABLE_NS_ASSERTIONS = NO;
				ENABLE_STRICT_OBJC_MSGSEND = YES;
				GCC_C_LANGUAGE_STANDARD = gnu11;
				GCC_NO_COMMON_BLOCKS = YES;
				GCC_WARN_64_TO_32_BIT_CONVERSION = YES;
				GCC_WARN_ABOUT_RETURN_TYPE = YES_ERROR;
				GCC_WARN_UNDECLARED_SELECTOR = YES;
				GCC_WARN_UNINITIALIZED_AUTOS = YES_AGGRESSIVE;
				GCC_WARN_UNUSED_FUNCTION = YES;
				GCC_WARN_UNUSED_VARIABLE = YES;
				IPHONEOS_DEPLOYMENT_TARGET = 14.3;
				MTL_ENABLE_DEBUG_INFO = NO;
				MTL_FAST_MATH = YES;
				SDKROOT = iphoneos;
				SWIFT_COMPILATION_MODE = wholemodule;
				SWIFT_OPTIMIZATION_LEVEL = "-O";
				VALIDATE_PRODUCT = YES;
			};
			name = Release;
		};
		E234934525FB885100EC90E9 /* Debug */ = {
			isa = XCBuildConfiguration;
			baseConfigurationReference = 509E731AAC403D033CF6777F /* Pods-Challo.debug.xcconfig */;
			buildSettings = {
				ASSETCATALOG_COMPILER_APPICON_NAME = AppIcon;
				ASSETCATALOG_COMPILER_GLOBAL_ACCENT_COLOR_NAME = AccentColor;
				CODE_SIGN_STYLE = Automatic;
				DEVELOPMENT_ASSET_PATHS = "\"Challo/Preview Content\"";
				DEVELOPMENT_TEAM = 85DLX3B73C;
				ENABLE_PREVIEWS = YES;
				INFOPLIST_FILE = Challo/Info.plist;
				IPHONEOS_DEPLOYMENT_TARGET = 14.0;
				LD_RUNPATH_SEARCH_PATHS = (
					"$(inherited)",
					"@executable_path/Frameworks",
				);
				PRODUCT_BUNDLE_IDENTIFIER = com.GroupX.Challo;
				PRODUCT_NAME = "$(TARGET_NAME)";
				SWIFT_VERSION = 5.0;
				TARGETED_DEVICE_FAMILY = "1,2";
			};
			name = Debug;
		};
		E234934625FB885100EC90E9 /* Release */ = {
			isa = XCBuildConfiguration;
			baseConfigurationReference = 319529DE749B6204E6CE117B /* Pods-Challo.release.xcconfig */;
			buildSettings = {
				ASSETCATALOG_COMPILER_APPICON_NAME = AppIcon;
				ASSETCATALOG_COMPILER_GLOBAL_ACCENT_COLOR_NAME = AccentColor;
				CODE_SIGN_STYLE = Automatic;
				DEVELOPMENT_ASSET_PATHS = "\"Challo/Preview Content\"";
				DEVELOPMENT_TEAM = 85DLX3B73C;
				ENABLE_PREVIEWS = YES;
				INFOPLIST_FILE = Challo/Info.plist;
				IPHONEOS_DEPLOYMENT_TARGET = 14.0;
				LD_RUNPATH_SEARCH_PATHS = (
					"$(inherited)",
					"@executable_path/Frameworks",
				);
				PRODUCT_BUNDLE_IDENTIFIER = com.GroupX.Challo;
				PRODUCT_NAME = "$(TARGET_NAME)";
				SWIFT_VERSION = 5.0;
				TARGETED_DEVICE_FAMILY = "1,2";
			};
			name = Release;
		};
		E234934825FB885100EC90E9 /* Debug */ = {
			isa = XCBuildConfiguration;
			baseConfigurationReference = 579E5280C4C85255C7A50899 /* Pods-ChalloTests.debug.xcconfig */;
			buildSettings = {
				ALWAYS_EMBED_SWIFT_STANDARD_LIBRARIES = YES;
				BUNDLE_LOADER = "$(TEST_HOST)";
				CODE_SIGN_STYLE = Automatic;
				INFOPLIST_FILE = ChalloTests/Info.plist;
				IPHONEOS_DEPLOYMENT_TARGET = 14.0;
				LD_RUNPATH_SEARCH_PATHS = (
					"$(inherited)",
					"@executable_path/Frameworks",
					"@loader_path/Frameworks",
				);
				PRODUCT_BUNDLE_IDENTIFIER = com.GroupX.ChalloTests;
				PRODUCT_NAME = "$(TARGET_NAME)";
				SWIFT_VERSION = 5.0;
				TARGETED_DEVICE_FAMILY = "1,2";
				TEST_HOST = "$(BUILT_PRODUCTS_DIR)/Challo.app/Challo";
			};
			name = Debug;
		};
		E234934925FB885100EC90E9 /* Release */ = {
			isa = XCBuildConfiguration;
			baseConfigurationReference = 0FB94ED8ABE4924DD5399328 /* Pods-ChalloTests.release.xcconfig */;
			buildSettings = {
				ALWAYS_EMBED_SWIFT_STANDARD_LIBRARIES = YES;
				BUNDLE_LOADER = "$(TEST_HOST)";
				CODE_SIGN_STYLE = Automatic;
				INFOPLIST_FILE = ChalloTests/Info.plist;
				IPHONEOS_DEPLOYMENT_TARGET = 14.0;
				LD_RUNPATH_SEARCH_PATHS = (
					"$(inherited)",
					"@executable_path/Frameworks",
					"@loader_path/Frameworks",
				);
				PRODUCT_BUNDLE_IDENTIFIER = com.GroupX.ChalloTests;
				PRODUCT_NAME = "$(TARGET_NAME)";
				SWIFT_VERSION = 5.0;
				TARGETED_DEVICE_FAMILY = "1,2";
				TEST_HOST = "$(BUILT_PRODUCTS_DIR)/Challo.app/Challo";
			};
			name = Release;
		};
		E234934B25FB885100EC90E9 /* Debug */ = {
			isa = XCBuildConfiguration;
			baseConfigurationReference = 26CEF1D24A058AF91D5433CF /* Pods-Challo-ChalloUITests.debug.xcconfig */;
			buildSettings = {
				ALWAYS_EMBED_SWIFT_STANDARD_LIBRARIES = YES;
				CODE_SIGN_STYLE = Automatic;
				INFOPLIST_FILE = ChalloUITests/Info.plist;
				LD_RUNPATH_SEARCH_PATHS = (
					"$(inherited)",
					"@executable_path/Frameworks",
					"@loader_path/Frameworks",
				);
				PRODUCT_BUNDLE_IDENTIFIER = com.GroupX.ChalloUITests;
				PRODUCT_NAME = "$(TARGET_NAME)";
				SWIFT_VERSION = 5.0;
				TARGETED_DEVICE_FAMILY = "1,2";
				TEST_TARGET_NAME = Challo;
			};
			name = Debug;
		};
		E234934C25FB885100EC90E9 /* Release */ = {
			isa = XCBuildConfiguration;
			baseConfigurationReference = 17BB0539313AB0A941E28A84 /* Pods-Challo-ChalloUITests.release.xcconfig */;
			buildSettings = {
				ALWAYS_EMBED_SWIFT_STANDARD_LIBRARIES = YES;
				CODE_SIGN_STYLE = Automatic;
				INFOPLIST_FILE = ChalloUITests/Info.plist;
				LD_RUNPATH_SEARCH_PATHS = (
					"$(inherited)",
					"@executable_path/Frameworks",
					"@loader_path/Frameworks",
				);
				PRODUCT_BUNDLE_IDENTIFIER = com.GroupX.ChalloUITests;
				PRODUCT_NAME = "$(TARGET_NAME)";
				SWIFT_VERSION = 5.0;
				TARGETED_DEVICE_FAMILY = "1,2";
				TEST_TARGET_NAME = Challo;
			};
			name = Release;
		};
/* End XCBuildConfiguration section */

/* Begin XCConfigurationList section */
		E234931A25FB884F00EC90E9 /* Build configuration list for PBXProject "Challo" */ = {
			isa = XCConfigurationList;
			buildConfigurations = (
				E234934225FB885100EC90E9 /* Debug */,
				E234934325FB885100EC90E9 /* Release */,
			);
			defaultConfigurationIsVisible = 0;
			defaultConfigurationName = Release;
		};
		E234934425FB885100EC90E9 /* Build configuration list for PBXNativeTarget "Challo" */ = {
			isa = XCConfigurationList;
			buildConfigurations = (
				E234934525FB885100EC90E9 /* Debug */,
				E234934625FB885100EC90E9 /* Release */,
			);
			defaultConfigurationIsVisible = 0;
			defaultConfigurationName = Release;
		};
		E234934725FB885100EC90E9 /* Build configuration list for PBXNativeTarget "ChalloTests" */ = {
			isa = XCConfigurationList;
			buildConfigurations = (
				E234934825FB885100EC90E9 /* Debug */,
				E234934925FB885100EC90E9 /* Release */,
			);
			defaultConfigurationIsVisible = 0;
			defaultConfigurationName = Release;
		};
		E234934A25FB885100EC90E9 /* Build configuration list for PBXNativeTarget "ChalloUITests" */ = {
			isa = XCConfigurationList;
			buildConfigurations = (
				E234934B25FB885100EC90E9 /* Debug */,
				E234934C25FB885100EC90E9 /* Release */,
			);
			defaultConfigurationIsVisible = 0;
			defaultConfigurationName = Release;
		};
/* End XCConfigurationList section */
	};
	rootObject = E234931725FB884F00EC90E9 /* Project object */;
}
