// !$*UTF8*$!
{
	archiveVersion = 1;
	classes = {
	};
	objectVersion = 51;
	objects = {

/* Begin PBXBuildFile section */
		6CBC4E963BBAC4B73DB992EE /* Pods_Challo.framework in Frameworks */ = {isa = PBXBuildFile; fileRef = 0E995D69F8746ABAD804BE3E /* Pods_Challo.framework */; };
		86353090594474B1FAF0537D /* Pods_ChalloTests.framework in Frameworks */ = {isa = PBXBuildFile; fileRef = 0C732A15B1411EB21EEC5AE6 /* Pods_ChalloTests.framework */; };
		A62CCDC97D5CD04285A6D8F4 /* Pods_Challo_ChalloUITests.framework in Frameworks */ = {isa = PBXBuildFile; fileRef = E6158F328A7998364BCA7713 /* Pods_Challo_ChalloUITests.framework */; };
		E22FAB4B25FDDFC100EEE372 /* LoginService.swift in Sources */ = {isa = PBXBuildFile; fileRef = E22FAB4A25FDDFC100EEE372 /* LoginService.swift */; };
		E22FAB5025FDDFE100EEE372 /* FacebookLoginService.swift in Sources */ = {isa = PBXBuildFile; fileRef = E22FAB4F25FDDFE100EEE372 /* FacebookLoginService.swift */; };
		E22FAB5B25FDF99D00EEE372 /* LoginInteractor.swift in Sources */ = {isa = PBXBuildFile; fileRef = E22FAB5A25FDF99D00EEE372 /* LoginInteractor.swift */; };
		E22FAB6025FDFB3F00EEE372 /* LoginPresenter.swift in Sources */ = {isa = PBXBuildFile; fileRef = E22FAB5F25FDFB3F00EEE372 /* LoginPresenter.swift */; };
		E22FAB6525FDFC5400EEE372 /* FacebookLoginButton.swift in Sources */ = {isa = PBXBuildFile; fileRef = E22FAB6425FDFC5400EEE372 /* FacebookLoginButton.swift */; };
		E22FAB6D25FE046E00EEE372 /* LoginDelegate.swift in Sources */ = {isa = PBXBuildFile; fileRef = E22FAB6C25FE046E00EEE372 /* LoginDelegate.swift */; };
		E22FAB9525FE431C00EEE372 /* LoginPage.swift in Sources */ = {isa = PBXBuildFile; fileRef = E22FAB9425FE431C00EEE372 /* LoginPage.swift */; };
		E22FAB9A25FE43E900EEE372 /* LoginForm.swift in Sources */ = {isa = PBXBuildFile; fileRef = E22FAB9925FE43E900EEE372 /* LoginForm.swift */; };
		E22FAB9F25FE461800EEE372 /* RoundedButtons.swift in Sources */ = {isa = PBXBuildFile; fileRef = E22FAB9E25FE461800EEE372 /* RoundedButtons.swift */; };
		E22FABB125FE51B400EEE372 /* RegisterInteractor.swift in Sources */ = {isa = PBXBuildFile; fileRef = E22FABB025FE51B400EEE372 /* RegisterInteractor.swift */; };
		E22FABB925FE526C00EEE372 /* RegisterPresenter.swift in Sources */ = {isa = PBXBuildFile; fileRef = E22FABB825FE526C00EEE372 /* RegisterPresenter.swift */; };
		E22FABBE25FE578000EEE372 /* RegistrationDetails.swift in Sources */ = {isa = PBXBuildFile; fileRef = E22FABBD25FE578000EEE372 /* RegistrationDetails.swift */; };
		E234932325FB884F00EC90E9 /* ChalloApp.swift in Sources */ = {isa = PBXBuildFile; fileRef = E234932225FB884F00EC90E9 /* ChalloApp.swift */; };
		E234932525FB884F00EC90E9 /* ContentView.swift in Sources */ = {isa = PBXBuildFile; fileRef = E234932425FB884F00EC90E9 /* ContentView.swift */; };
		E234932725FB885100EC90E9 /* Assets.xcassets in Resources */ = {isa = PBXBuildFile; fileRef = E234932625FB885100EC90E9 /* Assets.xcassets */; };
		E234932A25FB885100EC90E9 /* Preview Assets.xcassets in Resources */ = {isa = PBXBuildFile; fileRef = E234932925FB885100EC90E9 /* Preview Assets.xcassets */; };
		E234933525FB885100EC90E9 /* ChalloTests.swift in Sources */ = {isa = PBXBuildFile; fileRef = E234933425FB885100EC90E9 /* ChalloTests.swift */; };
		E234934025FB885100EC90E9 /* ChalloUITests.swift in Sources */ = {isa = PBXBuildFile; fileRef = E234933F25FB885100EC90E9 /* ChalloUITests.swift */; };
		E23B0E2B25FDBFA400789E3E /* RoundedTextField.swift in Sources */ = {isa = PBXBuildFile; fileRef = E23B0E2A25FDBFA400789E3E /* RoundedTextField.swift */; };
		E23B0E3125FDBFD800789E3E /* RegisterPage.swift in Sources */ = {isa = PBXBuildFile; fileRef = E23B0E3025FDBFD800789E3E /* RegisterPage.swift */; };
		E23B0E3925FDBFFE00789E3E /* RegisterForm.swift in Sources */ = {isa = PBXBuildFile; fileRef = E23B0E3825FDBFFE00789E3E /* RegisterForm.swift */; };
		E23B0E3E25FDC06600789E3E /* Card.swift in Sources */ = {isa = PBXBuildFile; fileRef = E23B0E3D25FDC06600789E3E /* Card.swift */; };
		E23B0E4425FDC2E000789E3E /* ContainerView.swift in Sources */ = {isa = PBXBuildFile; fileRef = E23B0E4325FDC2E000789E3E /* ContainerView.swift */; };
		E280A7E925FF4094006EDA05 /* LoginRegisterBackground.swift in Sources */ = {isa = PBXBuildFile; fileRef = E280A7E825FF4094006EDA05 /* LoginRegisterBackground.swift */; };
		E280A7EF25FF445E006EDA05 /* ColorExtension.swift in Sources */ = {isa = PBXBuildFile; fileRef = E280A7EE25FF445E006EDA05 /* ColorExtension.swift */; };
		E280A7F725FF44FD006EDA05 /* ImageExtension.swift in Sources */ = {isa = PBXBuildFile; fileRef = E280A7F625FF44FD006EDA05 /* ImageExtension.swift */; };
/* End PBXBuildFile section */

/* Begin PBXContainerItemProxy section */
		E234933125FB885100EC90E9 /* PBXContainerItemProxy */ = {
			isa = PBXContainerItemProxy;
			containerPortal = E234931725FB884F00EC90E9 /* Project object */;
			proxyType = 1;
			remoteGlobalIDString = E234931E25FB884F00EC90E9;
			remoteInfo = Challo;
		};
		E234933C25FB885100EC90E9 /* PBXContainerItemProxy */ = {
			isa = PBXContainerItemProxy;
			containerPortal = E234931725FB884F00EC90E9 /* Project object */;
			proxyType = 1;
			remoteGlobalIDString = E234931E25FB884F00EC90E9;
			remoteInfo = Challo;
		};
/* End PBXContainerItemProxy section */

/* Begin PBXFileReference section */
		0C732A15B1411EB21EEC5AE6 /* Pods_ChalloTests.framework */ = {isa = PBXFileReference; explicitFileType = wrapper.framework; includeInIndex = 0; path = Pods_ChalloTests.framework; sourceTree = BUILT_PRODUCTS_DIR; };
		0E995D69F8746ABAD804BE3E /* Pods_Challo.framework */ = {isa = PBXFileReference; explicitFileType = wrapper.framework; includeInIndex = 0; path = Pods_Challo.framework; sourceTree = BUILT_PRODUCTS_DIR; };
		64D3B461FBDEB8606232DAF9 /* Pods-Challo.release.xcconfig */ = {isa = PBXFileReference; includeInIndex = 1; lastKnownFileType = text.xcconfig; name = "Pods-Challo.release.xcconfig"; path = "Target Support Files/Pods-Challo/Pods-Challo.release.xcconfig"; sourceTree = "<group>"; };
		68D997E4F7111824D5EAAD6E /* Pods-Challo-ChalloUITests.release.xcconfig */ = {isa = PBXFileReference; includeInIndex = 1; lastKnownFileType = text.xcconfig; name = "Pods-Challo-ChalloUITests.release.xcconfig"; path = "Target Support Files/Pods-Challo-ChalloUITests/Pods-Challo-ChalloUITests.release.xcconfig"; sourceTree = "<group>"; };
		740EFD2E78CF8B0732A4B972 /* Pods-ChalloTests.debug.xcconfig */ = {isa = PBXFileReference; includeInIndex = 1; lastKnownFileType = text.xcconfig; name = "Pods-ChalloTests.debug.xcconfig"; path = "Target Support Files/Pods-ChalloTests/Pods-ChalloTests.debug.xcconfig"; sourceTree = "<group>"; };
		7C6850AAC4491B207C41DFF8 /* Pods-ChalloTests.release.xcconfig */ = {isa = PBXFileReference; includeInIndex = 1; lastKnownFileType = text.xcconfig; name = "Pods-ChalloTests.release.xcconfig"; path = "Target Support Files/Pods-ChalloTests/Pods-ChalloTests.release.xcconfig"; sourceTree = "<group>"; };
		8498A4E433A0BD5336936136 /* Pods-Challo.debug.xcconfig */ = {isa = PBXFileReference; includeInIndex = 1; lastKnownFileType = text.xcconfig; name = "Pods-Challo.debug.xcconfig"; path = "Target Support Files/Pods-Challo/Pods-Challo.debug.xcconfig"; sourceTree = "<group>"; };
		C6FE166AEA708A69B4C9AE06 /* Pods-Challo-ChalloUITests.debug.xcconfig */ = {isa = PBXFileReference; includeInIndex = 1; lastKnownFileType = text.xcconfig; name = "Pods-Challo-ChalloUITests.debug.xcconfig"; path = "Target Support Files/Pods-Challo-ChalloUITests/Pods-Challo-ChalloUITests.debug.xcconfig"; sourceTree = "<group>"; };
		E22FAB4A25FDDFC100EEE372 /* LoginService.swift */ = {isa = PBXFileReference; lastKnownFileType = sourcecode.swift; path = LoginService.swift; sourceTree = "<group>"; };
		E22FAB4F25FDDFE100EEE372 /* FacebookLoginService.swift */ = {isa = PBXFileReference; lastKnownFileType = sourcecode.swift; path = FacebookLoginService.swift; sourceTree = "<group>"; };
		E22FAB5A25FDF99D00EEE372 /* LoginInteractor.swift */ = {isa = PBXFileReference; lastKnownFileType = sourcecode.swift; path = LoginInteractor.swift; sourceTree = "<group>"; };
		E22FAB5F25FDFB3F00EEE372 /* LoginPresenter.swift */ = {isa = PBXFileReference; lastKnownFileType = sourcecode.swift; path = LoginPresenter.swift; sourceTree = "<group>"; };
		E22FAB6425FDFC5400EEE372 /* FacebookLoginButton.swift */ = {isa = PBXFileReference; lastKnownFileType = sourcecode.swift; path = FacebookLoginButton.swift; sourceTree = "<group>"; };
		E22FAB6C25FE046E00EEE372 /* LoginDelegate.swift */ = {isa = PBXFileReference; lastKnownFileType = sourcecode.swift; path = LoginDelegate.swift; sourceTree = "<group>"; };
		E22FAB9425FE431C00EEE372 /* LoginPage.swift */ = {isa = PBXFileReference; lastKnownFileType = sourcecode.swift; path = LoginPage.swift; sourceTree = "<group>"; };
		E22FAB9925FE43E900EEE372 /* LoginForm.swift */ = {isa = PBXFileReference; lastKnownFileType = sourcecode.swift; path = LoginForm.swift; sourceTree = "<group>"; };
		E22FAB9E25FE461800EEE372 /* RoundedButtons.swift */ = {isa = PBXFileReference; lastKnownFileType = sourcecode.swift; path = RoundedButtons.swift; sourceTree = "<group>"; };
		E22FABB025FE51B400EEE372 /* RegisterInteractor.swift */ = {isa = PBXFileReference; lastKnownFileType = sourcecode.swift; path = RegisterInteractor.swift; sourceTree = "<group>"; };
		E22FABB825FE526C00EEE372 /* RegisterPresenter.swift */ = {isa = PBXFileReference; lastKnownFileType = sourcecode.swift; path = RegisterPresenter.swift; sourceTree = "<group>"; };
		E22FABBD25FE578000EEE372 /* RegistrationDetails.swift */ = {isa = PBXFileReference; lastKnownFileType = sourcecode.swift; path = RegistrationDetails.swift; sourceTree = "<group>"; };
		E234931F25FB884F00EC90E9 /* Challo.app */ = {isa = PBXFileReference; explicitFileType = wrapper.application; includeInIndex = 0; path = Challo.app; sourceTree = BUILT_PRODUCTS_DIR; };
		E234932225FB884F00EC90E9 /* ChalloApp.swift */ = {isa = PBXFileReference; lastKnownFileType = sourcecode.swift; path = ChalloApp.swift; sourceTree = "<group>"; };
		E234932425FB884F00EC90E9 /* ContentView.swift */ = {isa = PBXFileReference; lastKnownFileType = sourcecode.swift; path = ContentView.swift; sourceTree = "<group>"; };
		E234932625FB885100EC90E9 /* Assets.xcassets */ = {isa = PBXFileReference; lastKnownFileType = folder.assetcatalog; path = Assets.xcassets; sourceTree = "<group>"; };
		E234932925FB885100EC90E9 /* Preview Assets.xcassets */ = {isa = PBXFileReference; lastKnownFileType = folder.assetcatalog; path = "Preview Assets.xcassets"; sourceTree = "<group>"; };
		E234932B25FB885100EC90E9 /* Info.plist */ = {isa = PBXFileReference; lastKnownFileType = text.plist.xml; path = Info.plist; sourceTree = "<group>"; };
		E234933025FB885100EC90E9 /* ChalloTests.xctest */ = {isa = PBXFileReference; explicitFileType = wrapper.cfbundle; includeInIndex = 0; path = ChalloTests.xctest; sourceTree = BUILT_PRODUCTS_DIR; };
		E234933425FB885100EC90E9 /* ChalloTests.swift */ = {isa = PBXFileReference; lastKnownFileType = sourcecode.swift; path = ChalloTests.swift; sourceTree = "<group>"; };
		E234933625FB885100EC90E9 /* Info.plist */ = {isa = PBXFileReference; lastKnownFileType = text.plist.xml; path = Info.plist; sourceTree = "<group>"; };
		E234933B25FB885100EC90E9 /* ChalloUITests.xctest */ = {isa = PBXFileReference; explicitFileType = wrapper.cfbundle; includeInIndex = 0; path = ChalloUITests.xctest; sourceTree = BUILT_PRODUCTS_DIR; };
		E234933F25FB885100EC90E9 /* ChalloUITests.swift */ = {isa = PBXFileReference; lastKnownFileType = sourcecode.swift; path = ChalloUITests.swift; sourceTree = "<group>"; };
		E234934125FB885100EC90E9 /* Info.plist */ = {isa = PBXFileReference; lastKnownFileType = text.plist.xml; path = Info.plist; sourceTree = "<group>"; };
		E23B0E2A25FDBFA400789E3E /* RoundedTextField.swift */ = {isa = PBXFileReference; lastKnownFileType = sourcecode.swift; path = RoundedTextField.swift; sourceTree = "<group>"; };
		E23B0E3025FDBFD800789E3E /* RegisterPage.swift */ = {isa = PBXFileReference; lastKnownFileType = sourcecode.swift; path = RegisterPage.swift; sourceTree = "<group>"; };
		E23B0E3825FDBFFE00789E3E /* RegisterForm.swift */ = {isa = PBXFileReference; lastKnownFileType = sourcecode.swift; path = RegisterForm.swift; sourceTree = "<group>"; };
		E23B0E3D25FDC06600789E3E /* Card.swift */ = {isa = PBXFileReference; lastKnownFileType = sourcecode.swift; path = Card.swift; sourceTree = "<group>"; };
		E23B0E4325FDC2E000789E3E /* ContainerView.swift */ = {isa = PBXFileReference; lastKnownFileType = sourcecode.swift; path = ContainerView.swift; sourceTree = "<group>"; };
		E280A7E825FF4094006EDA05 /* LoginRegisterBackground.swift */ = {isa = PBXFileReference; lastKnownFileType = sourcecode.swift; path = LoginRegisterBackground.swift; sourceTree = "<group>"; };
		E280A7EE25FF445E006EDA05 /* ColorExtension.swift */ = {isa = PBXFileReference; lastKnownFileType = sourcecode.swift; path = ColorExtension.swift; sourceTree = "<group>"; };
		E280A7F625FF44FD006EDA05 /* ImageExtension.swift */ = {isa = PBXFileReference; lastKnownFileType = sourcecode.swift; path = ImageExtension.swift; sourceTree = "<group>"; };
		E6158F328A7998364BCA7713 /* Pods_Challo_ChalloUITests.framework */ = {isa = PBXFileReference; explicitFileType = wrapper.framework; includeInIndex = 0; path = Pods_Challo_ChalloUITests.framework; sourceTree = BUILT_PRODUCTS_DIR; };
/* End PBXFileReference section */

/* Begin PBXFrameworksBuildPhase section */
		E234931C25FB884F00EC90E9 /* Frameworks */ = {
			isa = PBXFrameworksBuildPhase;
			buildActionMask = 2147483647;
			files = (
				6CBC4E963BBAC4B73DB992EE /* Pods_Challo.framework in Frameworks */,
			);
			runOnlyForDeploymentPostprocessing = 0;
		};
		E234932D25FB885100EC90E9 /* Frameworks */ = {
			isa = PBXFrameworksBuildPhase;
			buildActionMask = 2147483647;
			files = (
				86353090594474B1FAF0537D /* Pods_ChalloTests.framework in Frameworks */,
			);
			runOnlyForDeploymentPostprocessing = 0;
		};
		E234933825FB885100EC90E9 /* Frameworks */ = {
			isa = PBXFrameworksBuildPhase;
			buildActionMask = 2147483647;
			files = (
				A62CCDC97D5CD04285A6D8F4 /* Pods_Challo_ChalloUITests.framework in Frameworks */,
			);
			runOnlyForDeploymentPostprocessing = 0;
		};
/* End PBXFrameworksBuildPhase section */

/* Begin PBXGroup section */
		16E6D7DDC70E6DFEDB65EF72 /* Pods */ = {
			isa = PBXGroup;
			children = (
				8498A4E433A0BD5336936136 /* Pods-Challo.debug.xcconfig */,
				64D3B461FBDEB8606232DAF9 /* Pods-Challo.release.xcconfig */,
				C6FE166AEA708A69B4C9AE06 /* Pods-Challo-ChalloUITests.debug.xcconfig */,
				68D997E4F7111824D5EAAD6E /* Pods-Challo-ChalloUITests.release.xcconfig */,
				740EFD2E78CF8B0732A4B972 /* Pods-ChalloTests.debug.xcconfig */,
				7C6850AAC4491B207C41DFF8 /* Pods-ChalloTests.release.xcconfig */,
			);
			path = Pods;
			sourceTree = "<group>";
		};
		2027C263B5CC887EF7587C62 /* Frameworks */ = {
			isa = PBXGroup;
			children = (
				0E995D69F8746ABAD804BE3E /* Pods_Challo.framework */,
				E6158F328A7998364BCA7713 /* Pods_Challo_ChalloUITests.framework */,
				0C732A15B1411EB21EEC5AE6 /* Pods_ChalloTests.framework */,
			);
			name = Frameworks;
			sourceTree = "<group>";
		};
		E22FAB4925FDDF3900EEE372 /* LoginModule */ = {
			isa = PBXGroup;
			children = (
				E22FAB4A25FDDFC100EEE372 /* LoginService.swift */,
				E22FAB4F25FDDFE100EEE372 /* FacebookLoginService.swift */,
				E22FAB5A25FDF99D00EEE372 /* LoginInteractor.swift */,
				E22FAB5F25FDFB3F00EEE372 /* LoginPresenter.swift */,
				E22FAB6C25FE046E00EEE372 /* LoginDelegate.swift */,
			);
			path = LoginModule;
			sourceTree = "<group>";
		};
		E22FAB9325FE430700EEE372 /* Login */ = {
			isa = PBXGroup;
			children = (
				E22FAB9425FE431C00EEE372 /* LoginPage.swift */,
				E22FAB9925FE43E900EEE372 /* LoginForm.swift */,
			);
			path = Login;
			sourceTree = "<group>";
		};
		E22FABAF25FE519F00EEE372 /* RegisterModule */ = {
			isa = PBXGroup;
			children = (
				E22FABB025FE51B400EEE372 /* RegisterInteractor.swift */,
				E22FABB825FE526C00EEE372 /* RegisterPresenter.swift */,
				E22FABBD25FE578000EEE372 /* RegistrationDetails.swift */,
			);
			path = RegisterModule;
			sourceTree = "<group>";
		};
		E234931625FB884F00EC90E9 = {
			isa = PBXGroup;
			children = (
				E234932125FB884F00EC90E9 /* Challo */,
				E234933325FB885100EC90E9 /* ChalloTests */,
				E234933E25FB885100EC90E9 /* ChalloUITests */,
				E234932025FB884F00EC90E9 /* Products */,
				16E6D7DDC70E6DFEDB65EF72 /* Pods */,
				2027C263B5CC887EF7587C62 /* Frameworks */,
			);
			sourceTree = "<group>";
		};
		E234932025FB884F00EC90E9 /* Products */ = {
			isa = PBXGroup;
			children = (
				E234931F25FB884F00EC90E9 /* Challo.app */,
				E234933025FB885100EC90E9 /* ChalloTests.xctest */,
				E234933B25FB885100EC90E9 /* ChalloUITests.xctest */,
			);
			name = Products;
			sourceTree = "<group>";
		};
		E234932125FB884F00EC90E9 /* Challo */ = {
			isa = PBXGroup;
			children = (
				E22FABAF25FE519F00EEE372 /* RegisterModule */,
				E22FAB4925FDDF3900EEE372 /* LoginModule */,
				E23B0E2625FDBF4500789E3E /* Views */,
				E234932225FB884F00EC90E9 /* ChalloApp.swift */,
				E234932425FB884F00EC90E9 /* ContentView.swift */,
				E234932625FB885100EC90E9 /* Assets.xcassets */,
				E234932B25FB885100EC90E9 /* Info.plist */,
				E234932825FB885100EC90E9 /* Preview Content */,
			);
			path = Challo;
			sourceTree = "<group>";
		};
		E234932825FB885100EC90E9 /* Preview Content */ = {
			isa = PBXGroup;
			children = (
				E234932925FB885100EC90E9 /* Preview Assets.xcassets */,
			);
			path = "Preview Content";
			sourceTree = "<group>";
		};
		E234933325FB885100EC90E9 /* ChalloTests */ = {
			isa = PBXGroup;
			children = (
				E234933425FB885100EC90E9 /* ChalloTests.swift */,
				E234933625FB885100EC90E9 /* Info.plist */,
			);
			path = ChalloTests;
			sourceTree = "<group>";
		};
		E234933E25FB885100EC90E9 /* ChalloUITests */ = {
			isa = PBXGroup;
			children = (
				E234933F25FB885100EC90E9 /* ChalloUITests.swift */,
				E234934125FB885100EC90E9 /* Info.plist */,
			);
			path = ChalloUITests;
			sourceTree = "<group>";
		};
		E23B0E2625FDBF4500789E3E /* Views */ = {
			isa = PBXGroup;
			children = (
				E280A7ED25FF4440006EDA05 /* Resources */,
				E23B0E4225FDC2D000789E3E /* Utils */,
				E23B0E2825FDBF6D00789E3E /* Pages */,
				E23B0E2725FDBF5300789E3E /* Components */,
			);
			path = Views;
			sourceTree = "<group>";
		};
		E23B0E2725FDBF5300789E3E /* Components */ = {
			isa = PBXGroup;
			children = (
				E23B0E2A25FDBFA400789E3E /* RoundedTextField.swift */,
				E23B0E3D25FDC06600789E3E /* Card.swift */,
				E22FAB6425FDFC5400EEE372 /* FacebookLoginButton.swift */,
				E22FAB9E25FE461800EEE372 /* RoundedButtons.swift */,
				E280A7E825FF4094006EDA05 /* LoginRegisterBackground.swift */,
			);
			path = Components;
			sourceTree = "<group>";
		};
		E23B0E2825FDBF6D00789E3E /* Pages */ = {
			isa = PBXGroup;
			children = (
				E22FAB9325FE430700EEE372 /* Login */,
				E23B0E2F25FDBFC800789E3E /* Registration */,
			);
			path = Pages;
			sourceTree = "<group>";
		};
		E23B0E2F25FDBFC800789E3E /* Registration */ = {
			isa = PBXGroup;
			children = (
				E23B0E3025FDBFD800789E3E /* RegisterPage.swift */,
				E23B0E3825FDBFFE00789E3E /* RegisterForm.swift */,
			);
			path = Registration;
			sourceTree = "<group>";
		};
		E23B0E4225FDC2D000789E3E /* Utils */ = {
			isa = PBXGroup;
			children = (
				E23B0E4325FDC2E000789E3E /* ContainerView.swift */,
			);
			path = Utils;
			sourceTree = "<group>";
		};
		E280A7ED25FF4440006EDA05 /* Resources */ = {
			isa = PBXGroup;
			children = (
				E280A7EE25FF445E006EDA05 /* ColorExtension.swift */,
				E280A7F625FF44FD006EDA05 /* ImageExtension.swift */,
			);
			path = Resources;
			sourceTree = "<group>";
		};
/* End PBXGroup section */

/* Begin PBXNativeTarget section */
		E234931E25FB884F00EC90E9 /* Challo */ = {
			isa = PBXNativeTarget;
			buildConfigurationList = E234934425FB885100EC90E9 /* Build configuration list for PBXNativeTarget "Challo" */;
			buildPhases = (
				3C672B388DA5A670413681A6 /* [CP] Check Pods Manifest.lock */,
				E234931B25FB884F00EC90E9 /* Sources */,
				E234931C25FB884F00EC90E9 /* Frameworks */,
				E234931D25FB884F00EC90E9 /* Resources */,
				CCECEF9D7840B10729961ADD /* [CP] Embed Pods Frameworks */,
				6BB92D286C2E733A6F890B8E /* [CP] Copy Pods Resources */,
			);
			buildRules = (
			);
			dependencies = (
			);
			name = Challo;
			productName = Challo;
			productReference = E234931F25FB884F00EC90E9 /* Challo.app */;
			productType = "com.apple.product-type.application";
		};
		E234932F25FB885100EC90E9 /* ChalloTests */ = {
			isa = PBXNativeTarget;
			buildConfigurationList = E234934725FB885100EC90E9 /* Build configuration list for PBXNativeTarget "ChalloTests" */;
			buildPhases = (
				5D7DB854147646B6D7BD0092 /* [CP] Check Pods Manifest.lock */,
				E234932C25FB885100EC90E9 /* Sources */,
				E234932D25FB885100EC90E9 /* Frameworks */,
				E234932E25FB885100EC90E9 /* Resources */,
			);
			buildRules = (
			);
			dependencies = (
				E234933225FB885100EC90E9 /* PBXTargetDependency */,
			);
			name = ChalloTests;
			productName = ChalloTests;
			productReference = E234933025FB885100EC90E9 /* ChalloTests.xctest */;
			productType = "com.apple.product-type.bundle.unit-test";
		};
		E234933A25FB885100EC90E9 /* ChalloUITests */ = {
			isa = PBXNativeTarget;
			buildConfigurationList = E234934A25FB885100EC90E9 /* Build configuration list for PBXNativeTarget "ChalloUITests" */;
			buildPhases = (
				B81CA34D9B9A261C97856A9C /* [CP] Check Pods Manifest.lock */,
				E234933725FB885100EC90E9 /* Sources */,
				E234933825FB885100EC90E9 /* Frameworks */,
				E234933925FB885100EC90E9 /* Resources */,
				F4BB788A94D49B4252770A46 /* [CP] Embed Pods Frameworks */,
				8109FB65F4862B20D805CF60 /* [CP] Copy Pods Resources */,
			);
			buildRules = (
			);
			dependencies = (
				E234933D25FB885100EC90E9 /* PBXTargetDependency */,
			);
			name = ChalloUITests;
			productName = ChalloUITests;
			productReference = E234933B25FB885100EC90E9 /* ChalloUITests.xctest */;
			productType = "com.apple.product-type.bundle.ui-testing";
		};
/* End PBXNativeTarget section */

/* Begin PBXProject section */
		E234931725FB884F00EC90E9 /* Project object */ = {
			isa = PBXProject;
			attributes = {
				LastSwiftUpdateCheck = 1230;
				LastUpgradeCheck = 1230;
				TargetAttributes = {
					E234931E25FB884F00EC90E9 = {
						CreatedOnToolsVersion = 12.3;
					};
					E234932F25FB885100EC90E9 = {
						CreatedOnToolsVersion = 12.3;
						TestTargetID = E234931E25FB884F00EC90E9;
					};
					E234933A25FB885100EC90E9 = {
						CreatedOnToolsVersion = 12.3;
						TestTargetID = E234931E25FB884F00EC90E9;
					};
				};
			};
			buildConfigurationList = E234931A25FB884F00EC90E9 /* Build configuration list for PBXProject "Challo" */;
			compatibilityVersion = "Xcode 9.3";
			developmentRegion = en;
			hasScannedForEncodings = 0;
			knownRegions = (
				en,
				Base,
			);
			mainGroup = E234931625FB884F00EC90E9;
			productRefGroup = E234932025FB884F00EC90E9 /* Products */;
			projectDirPath = "";
			projectRoot = "";
			targets = (
				E234931E25FB884F00EC90E9 /* Challo */,
				E234932F25FB885100EC90E9 /* ChalloTests */,
				E234933A25FB885100EC90E9 /* ChalloUITests */,
			);
		};
/* End PBXProject section */

/* Begin PBXResourcesBuildPhase section */
		E234931D25FB884F00EC90E9 /* Resources */ = {
			isa = PBXResourcesBuildPhase;
			buildActionMask = 2147483647;
			files = (
				E234932A25FB885100EC90E9 /* Preview Assets.xcassets in Resources */,
				E234932725FB885100EC90E9 /* Assets.xcassets in Resources */,
			);
			runOnlyForDeploymentPostprocessing = 0;
		};
		E234932E25FB885100EC90E9 /* Resources */ = {
			isa = PBXResourcesBuildPhase;
			buildActionMask = 2147483647;
			files = (
			);
			runOnlyForDeploymentPostprocessing = 0;
		};
		E234933925FB885100EC90E9 /* Resources */ = {
			isa = PBXResourcesBuildPhase;
			buildActionMask = 2147483647;
			files = (
			);
			runOnlyForDeploymentPostprocessing = 0;
		};
/* End PBXResourcesBuildPhase section */

/* Begin PBXShellScriptBuildPhase section */
		3C672B388DA5A670413681A6 /* [CP] Check Pods Manifest.lock */ = {
			isa = PBXShellScriptBuildPhase;
			buildActionMask = 2147483647;
			files = (
			);
			inputFileListPaths = (
			);
			inputPaths = (
				"${PODS_PODFILE_DIR_PATH}/Podfile.lock",
				"${PODS_ROOT}/Manifest.lock",
			);
			name = "[CP] Check Pods Manifest.lock";
			outputFileListPaths = (
			);
			outputPaths = (
				"$(DERIVED_FILE_DIR)/Pods-Challo-checkManifestLockResult.txt",
			);
			runOnlyForDeploymentPostprocessing = 0;
			shellPath = /bin/sh;
			shellScript = "diff \"${PODS_PODFILE_DIR_PATH}/Podfile.lock\" \"${PODS_ROOT}/Manifest.lock\" > /dev/null\nif [ $? != 0 ] ; then\n    # print error to STDERR\n    echo \"error: The sandbox is not in sync with the Podfile.lock. Run 'pod install' or update your CocoaPods installation.\" >&2\n    exit 1\nfi\n# This output is used by Xcode 'outputs' to avoid re-running this script phase.\necho \"SUCCESS\" > \"${SCRIPT_OUTPUT_FILE_0}\"\n";
			showEnvVarsInLog = 0;
		};
		5D7DB854147646B6D7BD0092 /* [CP] Check Pods Manifest.lock */ = {
			isa = PBXShellScriptBuildPhase;
			buildActionMask = 2147483647;
			files = (
			);
			inputFileListPaths = (
			);
			inputPaths = (
				"${PODS_PODFILE_DIR_PATH}/Podfile.lock",
				"${PODS_ROOT}/Manifest.lock",
			);
			name = "[CP] Check Pods Manifest.lock";
			outputFileListPaths = (
			);
			outputPaths = (
				"$(DERIVED_FILE_DIR)/Pods-ChalloTests-checkManifestLockResult.txt",
			);
			runOnlyForDeploymentPostprocessing = 0;
			shellPath = /bin/sh;
			shellScript = "diff \"${PODS_PODFILE_DIR_PATH}/Podfile.lock\" \"${PODS_ROOT}/Manifest.lock\" > /dev/null\nif [ $? != 0 ] ; then\n    # print error to STDERR\n    echo \"error: The sandbox is not in sync with the Podfile.lock. Run 'pod install' or update your CocoaPods installation.\" >&2\n    exit 1\nfi\n# This output is used by Xcode 'outputs' to avoid re-running this script phase.\necho \"SUCCESS\" > \"${SCRIPT_OUTPUT_FILE_0}\"\n";
			showEnvVarsInLog = 0;
		};
		6BB92D286C2E733A6F890B8E /* [CP] Copy Pods Resources */ = {
			isa = PBXShellScriptBuildPhase;
			buildActionMask = 2147483647;
			files = (
			);
			inputFileListPaths = (
				"${PODS_ROOT}/Target Support Files/Pods-Challo/Pods-Challo-resources-${CONFIGURATION}-input-files.xcfilelist",
			);
			name = "[CP] Copy Pods Resources";
			outputFileListPaths = (
				"${PODS_ROOT}/Target Support Files/Pods-Challo/Pods-Challo-resources-${CONFIGURATION}-output-files.xcfilelist",
			);
			runOnlyForDeploymentPostprocessing = 0;
			shellPath = /bin/sh;
			shellScript = "\"${PODS_ROOT}/Target Support Files/Pods-Challo/Pods-Challo-resources.sh\"\n";
			showEnvVarsInLog = 0;
		};
		8109FB65F4862B20D805CF60 /* [CP] Copy Pods Resources */ = {
			isa = PBXShellScriptBuildPhase;
			buildActionMask = 2147483647;
			files = (
			);
			inputFileListPaths = (
				"${PODS_ROOT}/Target Support Files/Pods-Challo-ChalloUITests/Pods-Challo-ChalloUITests-resources-${CONFIGURATION}-input-files.xcfilelist",
			);
			name = "[CP] Copy Pods Resources";
			outputFileListPaths = (
				"${PODS_ROOT}/Target Support Files/Pods-Challo-ChalloUITests/Pods-Challo-ChalloUITests-resources-${CONFIGURATION}-output-files.xcfilelist",
			);
			runOnlyForDeploymentPostprocessing = 0;
			shellPath = /bin/sh;
			shellScript = "\"${PODS_ROOT}/Target Support Files/Pods-Challo-ChalloUITests/Pods-Challo-ChalloUITests-resources.sh\"\n";
			showEnvVarsInLog = 0;
		};
		B81CA34D9B9A261C97856A9C /* [CP] Check Pods Manifest.lock */ = {
			isa = PBXShellScriptBuildPhase;
			buildActionMask = 2147483647;
			files = (
			);
			inputFileListPaths = (
			);
			inputPaths = (
				"${PODS_PODFILE_DIR_PATH}/Podfile.lock",
				"${PODS_ROOT}/Manifest.lock",
			);
			name = "[CP] Check Pods Manifest.lock";
			outputFileListPaths = (
			);
			outputPaths = (
				"$(DERIVED_FILE_DIR)/Pods-Challo-ChalloUITests-checkManifestLockResult.txt",
			);
			runOnlyForDeploymentPostprocessing = 0;
			shellPath = /bin/sh;
			shellScript = "diff \"${PODS_PODFILE_DIR_PATH}/Podfile.lock\" \"${PODS_ROOT}/Manifest.lock\" > /dev/null\nif [ $? != 0 ] ; then\n    # print error to STDERR\n    echo \"error: The sandbox is not in sync with the Podfile.lock. Run 'pod install' or update your CocoaPods installation.\" >&2\n    exit 1\nfi\n# This output is used by Xcode 'outputs' to avoid re-running this script phase.\necho \"SUCCESS\" > \"${SCRIPT_OUTPUT_FILE_0}\"\n";
			showEnvVarsInLog = 0;
		};
		CCECEF9D7840B10729961ADD /* [CP] Embed Pods Frameworks */ = {
			isa = PBXShellScriptBuildPhase;
			buildActionMask = 2147483647;
			files = (
			);
			inputFileListPaths = (
				"${PODS_ROOT}/Target Support Files/Pods-Challo/Pods-Challo-frameworks-${CONFIGURATION}-input-files.xcfilelist",
			);
			name = "[CP] Embed Pods Frameworks";
			outputFileListPaths = (
				"${PODS_ROOT}/Target Support Files/Pods-Challo/Pods-Challo-frameworks-${CONFIGURATION}-output-files.xcfilelist",
			);
			runOnlyForDeploymentPostprocessing = 0;
			shellPath = /bin/sh;
			shellScript = "\"${PODS_ROOT}/Target Support Files/Pods-Challo/Pods-Challo-frameworks.sh\"\n";
			showEnvVarsInLog = 0;
		};
		F4BB788A94D49B4252770A46 /* [CP] Embed Pods Frameworks */ = {
			isa = PBXShellScriptBuildPhase;
			buildActionMask = 2147483647;
			files = (
			);
			inputFileListPaths = (
				"${PODS_ROOT}/Target Support Files/Pods-Challo-ChalloUITests/Pods-Challo-ChalloUITests-frameworks-${CONFIGURATION}-input-files.xcfilelist",
			);
			name = "[CP] Embed Pods Frameworks";
			outputFileListPaths = (
				"${PODS_ROOT}/Target Support Files/Pods-Challo-ChalloUITests/Pods-Challo-ChalloUITests-frameworks-${CONFIGURATION}-output-files.xcfilelist",
			);
			runOnlyForDeploymentPostprocessing = 0;
			shellPath = /bin/sh;
			shellScript = "\"${PODS_ROOT}/Target Support Files/Pods-Challo-ChalloUITests/Pods-Challo-ChalloUITests-frameworks.sh\"\n";
			showEnvVarsInLog = 0;
		};
/* End PBXShellScriptBuildPhase section */

/* Begin PBXSourcesBuildPhase section */
		E234931B25FB884F00EC90E9 /* Sources */ = {
			isa = PBXSourcesBuildPhase;
			buildActionMask = 2147483647;
			files = (
				E234932525FB884F00EC90E9 /* ContentView.swift in Sources */,
				E22FAB6525FDFC5400EEE372 /* FacebookLoginButton.swift in Sources */,
				E23B0E3E25FDC06600789E3E /* Card.swift in Sources */,
				E280A7EF25FF445E006EDA05 /* ColorExtension.swift in Sources */,
				E23B0E2B25FDBFA400789E3E /* RoundedTextField.swift in Sources */,
				E234932325FB884F00EC90E9 /* ChalloApp.swift in Sources */,
				E22FAB6025FDFB3F00EEE372 /* LoginPresenter.swift in Sources */,
				E22FAB4B25FDDFC100EEE372 /* LoginService.swift in Sources */,
				E22FAB9A25FE43E900EEE372 /* LoginForm.swift in Sources */,
				E23B0E3925FDBFFE00789E3E /* RegisterForm.swift in Sources */,
				E22FAB6D25FE046E00EEE372 /* LoginDelegate.swift in Sources */,
				E22FABB125FE51B400EEE372 /* RegisterInteractor.swift in Sources */,
				E22FAB5025FDDFE100EEE372 /* FacebookLoginService.swift in Sources */,
				E280A7E925FF4094006EDA05 /* LoginRegisterBackground.swift in Sources */,
				E23B0E4425FDC2E000789E3E /* ContainerView.swift in Sources */,
				E22FABB925FE526C00EEE372 /* RegisterPresenter.swift in Sources */,
				E22FAB9F25FE461800EEE372 /* RoundedButtons.swift in Sources */,
				E22FAB5B25FDF99D00EEE372 /* LoginInteractor.swift in Sources */,
				E22FABBE25FE578000EEE372 /* RegistrationDetails.swift in Sources */,
				E280A7F725FF44FD006EDA05 /* ImageExtension.swift in Sources */,
				E23B0E3125FDBFD800789E3E /* RegisterPage.swift in Sources */,
				E22FAB9525FE431C00EEE372 /* LoginPage.swift in Sources */,
			);
			runOnlyForDeploymentPostprocessing = 0;
		};
		E234932C25FB885100EC90E9 /* Sources */ = {
			isa = PBXSourcesBuildPhase;
			buildActionMask = 2147483647;
			files = (
				E234933525FB885100EC90E9 /* ChalloTests.swift in Sources */,
			);
			runOnlyForDeploymentPostprocessing = 0;
		};
		E234933725FB885100EC90E9 /* Sources */ = {
			isa = PBXSourcesBuildPhase;
			buildActionMask = 2147483647;
			files = (
				E234934025FB885100EC90E9 /* ChalloUITests.swift in Sources */,
			);
			runOnlyForDeploymentPostprocessing = 0;
		};
/* End PBXSourcesBuildPhase section */

/* Begin PBXTargetDependency section */
		E234933225FB885100EC90E9 /* PBXTargetDependency */ = {
			isa = PBXTargetDependency;
			target = E234931E25FB884F00EC90E9 /* Challo */;
			targetProxy = E234933125FB885100EC90E9 /* PBXContainerItemProxy */;
		};
		E234933D25FB885100EC90E9 /* PBXTargetDependency */ = {
			isa = PBXTargetDependency;
			target = E234931E25FB884F00EC90E9 /* Challo */;
			targetProxy = E234933C25FB885100EC90E9 /* PBXContainerItemProxy */;
		};
/* End PBXTargetDependency section */

/* Begin XCBuildConfiguration section */
		E234934225FB885100EC90E9 /* Debug */ = {
			isa = XCBuildConfiguration;
			buildSettings = {
				ALWAYS_SEARCH_USER_PATHS = NO;
				CLANG_ANALYZER_NONNULL = YES;
				CLANG_ANALYZER_NUMBER_OBJECT_CONVERSION = YES_AGGRESSIVE;
				CLANG_CXX_LANGUAGE_STANDARD = "gnu++14";
				CLANG_CXX_LIBRARY = "libc++";
				CLANG_ENABLE_MODULES = YES;
				CLANG_ENABLE_OBJC_ARC = YES;
				CLANG_ENABLE_OBJC_WEAK = YES;
				CLANG_WARN_BLOCK_CAPTURE_AUTORELEASING = YES;
				CLANG_WARN_BOOL_CONVERSION = YES;
				CLANG_WARN_COMMA = YES;
				CLANG_WARN_CONSTANT_CONVERSION = YES;
				CLANG_WARN_DEPRECATED_OBJC_IMPLEMENTATIONS = YES;
				CLANG_WARN_DIRECT_OBJC_ISA_USAGE = YES_ERROR;
				CLANG_WARN_DOCUMENTATION_COMMENTS = YES;
				CLANG_WARN_EMPTY_BODY = YES;
				CLANG_WARN_ENUM_CONVERSION = YES;
				CLANG_WARN_INFINITE_RECURSION = YES;
				CLANG_WARN_INT_CONVERSION = YES;
				CLANG_WARN_NON_LITERAL_NULL_CONVERSION = YES;
				CLANG_WARN_OBJC_IMPLICIT_RETAIN_SELF = YES;
				CLANG_WARN_OBJC_LITERAL_CONVERSION = YES;
				CLANG_WARN_OBJC_ROOT_CLASS = YES_ERROR;
				CLANG_WARN_QUOTED_INCLUDE_IN_FRAMEWORK_HEADER = YES;
				CLANG_WARN_RANGE_LOOP_ANALYSIS = YES;
				CLANG_WARN_STRICT_PROTOTYPES = YES;
				CLANG_WARN_SUSPICIOUS_MOVE = YES;
				CLANG_WARN_UNGUARDED_AVAILABILITY = YES_AGGRESSIVE;
				CLANG_WARN_UNREACHABLE_CODE = YES;
				CLANG_WARN__DUPLICATE_METHOD_MATCH = YES;
				COPY_PHASE_STRIP = NO;
				DEBUG_INFORMATION_FORMAT = dwarf;
				ENABLE_STRICT_OBJC_MSGSEND = YES;
				ENABLE_TESTABILITY = YES;
				GCC_C_LANGUAGE_STANDARD = gnu11;
				GCC_DYNAMIC_NO_PIC = NO;
				GCC_NO_COMMON_BLOCKS = YES;
				GCC_OPTIMIZATION_LEVEL = 0;
				GCC_PREPROCESSOR_DEFINITIONS = (
					"DEBUG=1",
					"$(inherited)",
				);
				GCC_WARN_64_TO_32_BIT_CONVERSION = YES;
				GCC_WARN_ABOUT_RETURN_TYPE = YES_ERROR;
				GCC_WARN_UNDECLARED_SELECTOR = YES;
				GCC_WARN_UNINITIALIZED_AUTOS = YES_AGGRESSIVE;
				GCC_WARN_UNUSED_FUNCTION = YES;
				GCC_WARN_UNUSED_VARIABLE = YES;
				IPHONEOS_DEPLOYMENT_TARGET = 14.3;
				MTL_ENABLE_DEBUG_INFO = INCLUDE_SOURCE;
				MTL_FAST_MATH = YES;
				ONLY_ACTIVE_ARCH = YES;
				SDKROOT = iphoneos;
				SWIFT_ACTIVE_COMPILATION_CONDITIONS = DEBUG;
				SWIFT_OPTIMIZATION_LEVEL = "-Onone";
			};
			name = Debug;
		};
		E234934325FB885100EC90E9 /* Release */ = {
			isa = XCBuildConfiguration;
			buildSettings = {
				ALWAYS_SEARCH_USER_PATHS = NO;
				CLANG_ANALYZER_NONNULL = YES;
				CLANG_ANALYZER_NUMBER_OBJECT_CONVERSION = YES_AGGRESSIVE;
				CLANG_CXX_LANGUAGE_STANDARD = "gnu++14";
				CLANG_CXX_LIBRARY = "libc++";
				CLANG_ENABLE_MODULES = YES;
				CLANG_ENABLE_OBJC_ARC = YES;
				CLANG_ENABLE_OBJC_WEAK = YES;
				CLANG_WARN_BLOCK_CAPTURE_AUTORELEASING = YES;
				CLANG_WARN_BOOL_CONVERSION = YES;
				CLANG_WARN_COMMA = YES;
				CLANG_WARN_CONSTANT_CONVERSION = YES;
				CLANG_WARN_DEPRECATED_OBJC_IMPLEMENTATIONS = YES;
				CLANG_WARN_DIRECT_OBJC_ISA_USAGE = YES_ERROR;
				CLANG_WARN_DOCUMENTATION_COMMENTS = YES;
				CLANG_WARN_EMPTY_BODY = YES;
				CLANG_WARN_ENUM_CONVERSION = YES;
				CLANG_WARN_INFINITE_RECURSION = YES;
				CLANG_WARN_INT_CONVERSION = YES;
				CLANG_WARN_NON_LITERAL_NULL_CONVERSION = YES;
				CLANG_WARN_OBJC_IMPLICIT_RETAIN_SELF = YES;
				CLANG_WARN_OBJC_LITERAL_CONVERSION = YES;
				CLANG_WARN_OBJC_ROOT_CLASS = YES_ERROR;
				CLANG_WARN_QUOTED_INCLUDE_IN_FRAMEWORK_HEADER = YES;
				CLANG_WARN_RANGE_LOOP_ANALYSIS = YES;
				CLANG_WARN_STRICT_PROTOTYPES = YES;
				CLANG_WARN_SUSPICIOUS_MOVE = YES;
				CLANG_WARN_UNGUARDED_AVAILABILITY = YES_AGGRESSIVE;
				CLANG_WARN_UNREACHABLE_CODE = YES;
				CLANG_WARN__DUPLICATE_METHOD_MATCH = YES;
				COPY_PHASE_STRIP = NO;
				DEBUG_INFORMATION_FORMAT = "dwarf-with-dsym";
				ENABLE_NS_ASSERTIONS = NO;
				ENABLE_STRICT_OBJC_MSGSEND = YES;
				GCC_C_LANGUAGE_STANDARD = gnu11;
				GCC_NO_COMMON_BLOCKS = YES;
				GCC_WARN_64_TO_32_BIT_CONVERSION = YES;
				GCC_WARN_ABOUT_RETURN_TYPE = YES_ERROR;
				GCC_WARN_UNDECLARED_SELECTOR = YES;
				GCC_WARN_UNINITIALIZED_AUTOS = YES_AGGRESSIVE;
				GCC_WARN_UNUSED_FUNCTION = YES;
				GCC_WARN_UNUSED_VARIABLE = YES;
				IPHONEOS_DEPLOYMENT_TARGET = 14.3;
				MTL_ENABLE_DEBUG_INFO = NO;
				MTL_FAST_MATH = YES;
				SDKROOT = iphoneos;
				SWIFT_COMPILATION_MODE = wholemodule;
				SWIFT_OPTIMIZATION_LEVEL = "-O";
				VALIDATE_PRODUCT = YES;
			};
			name = Release;
		};
		E234934525FB885100EC90E9 /* Debug */ = {
			isa = XCBuildConfiguration;
			baseConfigurationReference = 8498A4E433A0BD5336936136 /* Pods-Challo.debug.xcconfig */;
			buildSettings = {
				ASSETCATALOG_COMPILER_APPICON_NAME = AppIcon;
				ASSETCATALOG_COMPILER_GLOBAL_ACCENT_COLOR_NAME = AccentColor;
				CODE_SIGN_STYLE = Automatic;
				DEVELOPMENT_ASSET_PATHS = "\"Challo/Preview Content\"";
				ENABLE_PREVIEWS = YES;
				INFOPLIST_FILE = Challo/Info.plist;
				IPHONEOS_DEPLOYMENT_TARGET = 14.0;
				LD_RUNPATH_SEARCH_PATHS = (
					"$(inherited)",
					"@executable_path/Frameworks",
				);
				PRODUCT_BUNDLE_IDENTIFIER = com.GroupX.Challo;
				PRODUCT_NAME = "$(TARGET_NAME)";
				SWIFT_VERSION = 5.0;
				TARGETED_DEVICE_FAMILY = "1,2";
			};
			name = Debug;
		};
		E234934625FB885100EC90E9 /* Release */ = {
			isa = XCBuildConfiguration;
			baseConfigurationReference = 64D3B461FBDEB8606232DAF9 /* Pods-Challo.release.xcconfig */;
			buildSettings = {
				ASSETCATALOG_COMPILER_APPICON_NAME = AppIcon;
				ASSETCATALOG_COMPILER_GLOBAL_ACCENT_COLOR_NAME = AccentColor;
				CODE_SIGN_STYLE = Automatic;
				DEVELOPMENT_ASSET_PATHS = "\"Challo/Preview Content\"";
				ENABLE_PREVIEWS = YES;
				INFOPLIST_FILE = Challo/Info.plist;
				IPHONEOS_DEPLOYMENT_TARGET = 14.0;
				LD_RUNPATH_SEARCH_PATHS = (
					"$(inherited)",
					"@executable_path/Frameworks",
				);
				PRODUCT_BUNDLE_IDENTIFIER = com.GroupX.Challo;
				PRODUCT_NAME = "$(TARGET_NAME)";
				SWIFT_VERSION = 5.0;
				TARGETED_DEVICE_FAMILY = "1,2";
			};
			name = Release;
		};
		E234934825FB885100EC90E9 /* Debug */ = {
			isa = XCBuildConfiguration;
			baseConfigurationReference = 740EFD2E78CF8B0732A4B972 /* Pods-ChalloTests.debug.xcconfig */;
			buildSettings = {
				ALWAYS_EMBED_SWIFT_STANDARD_LIBRARIES = YES;
				BUNDLE_LOADER = "$(TEST_HOST)";
				CODE_SIGN_STYLE = Automatic;
				INFOPLIST_FILE = ChalloTests/Info.plist;
				IPHONEOS_DEPLOYMENT_TARGET = 14.0;
				LD_RUNPATH_SEARCH_PATHS = (
					"$(inherited)",
					"@executable_path/Frameworks",
					"@loader_path/Frameworks",
				);
				PRODUCT_BUNDLE_IDENTIFIER = com.GroupX.ChalloTests;
				PRODUCT_NAME = "$(TARGET_NAME)";
				SWIFT_VERSION = 5.0;
				TARGETED_DEVICE_FAMILY = "1,2";
				TEST_HOST = "$(BUILT_PRODUCTS_DIR)/Challo.app/Challo";
			};
			name = Debug;
		};
		E234934925FB885100EC90E9 /* Release */ = {
			isa = XCBuildConfiguration;
			baseConfigurationReference = 7C6850AAC4491B207C41DFF8 /* Pods-ChalloTests.release.xcconfig */;
			buildSettings = {
				ALWAYS_EMBED_SWIFT_STANDARD_LIBRARIES = YES;
				BUNDLE_LOADER = "$(TEST_HOST)";
				CODE_SIGN_STYLE = Automatic;
				INFOPLIST_FILE = ChalloTests/Info.plist;
				IPHONEOS_DEPLOYMENT_TARGET = 14.0;
				LD_RUNPATH_SEARCH_PATHS = (
					"$(inherited)",
					"@executable_path/Frameworks",
					"@loader_path/Frameworks",
				);
				PRODUCT_BUNDLE_IDENTIFIER = com.GroupX.ChalloTests;
				PRODUCT_NAME = "$(TARGET_NAME)";
				SWIFT_VERSION = 5.0;
				TARGETED_DEVICE_FAMILY = "1,2";
				TEST_HOST = "$(BUILT_PRODUCTS_DIR)/Challo.app/Challo";
			};
			name = Release;
		};
		E234934B25FB885100EC90E9 /* Debug */ = {
			isa = XCBuildConfiguration;
			baseConfigurationReference = C6FE166AEA708A69B4C9AE06 /* Pods-Challo-ChalloUITests.debug.xcconfig */;
			buildSettings = {
				ALWAYS_EMBED_SWIFT_STANDARD_LIBRARIES = YES;
				CODE_SIGN_STYLE = Automatic;
				INFOPLIST_FILE = ChalloUITests/Info.plist;
				LD_RUNPATH_SEARCH_PATHS = (
					"$(inherited)",
					"@executable_path/Frameworks",
					"@loader_path/Frameworks",
				);
				PRODUCT_BUNDLE_IDENTIFIER = com.GroupX.ChalloUITests;
				PRODUCT_NAME = "$(TARGET_NAME)";
				SWIFT_VERSION = 5.0;
				TARGETED_DEVICE_FAMILY = "1,2";
				TEST_TARGET_NAME = Challo;
			};
			name = Debug;
		};
		E234934C25FB885100EC90E9 /* Release */ = {
			isa = XCBuildConfiguration;
			baseConfigurationReference = 68D997E4F7111824D5EAAD6E /* Pods-Challo-ChalloUITests.release.xcconfig */;
			buildSettings = {
				ALWAYS_EMBED_SWIFT_STANDARD_LIBRARIES = YES;
				CODE_SIGN_STYLE = Automatic;
				INFOPLIST_FILE = ChalloUITests/Info.plist;
				LD_RUNPATH_SEARCH_PATHS = (
					"$(inherited)",
					"@executable_path/Frameworks",
					"@loader_path/Frameworks",
				);
				PRODUCT_BUNDLE_IDENTIFIER = com.GroupX.ChalloUITests;
				PRODUCT_NAME = "$(TARGET_NAME)";
				SWIFT_VERSION = 5.0;
				TARGETED_DEVICE_FAMILY = "1,2";
				TEST_TARGET_NAME = Challo;
			};
			name = Release;
		};
/* End XCBuildConfiguration section */

/* Begin XCConfigurationList section */
		E234931A25FB884F00EC90E9 /* Build configuration list for PBXProject "Challo" */ = {
			isa = XCConfigurationList;
			buildConfigurations = (
				E234934225FB885100EC90E9 /* Debug */,
				E234934325FB885100EC90E9 /* Release */,
			);
			defaultConfigurationIsVisible = 0;
			defaultConfigurationName = Release;
		};
		E234934425FB885100EC90E9 /* Build configuration list for PBXNativeTarget "Challo" */ = {
			isa = XCConfigurationList;
			buildConfigurations = (
				E234934525FB885100EC90E9 /* Debug */,
				E234934625FB885100EC90E9 /* Release */,
			);
			defaultConfigurationIsVisible = 0;
			defaultConfigurationName = Release;
		};
		E234934725FB885100EC90E9 /* Build configuration list for PBXNativeTarget "ChalloTests" */ = {
			isa = XCConfigurationList;
			buildConfigurations = (
				E234934825FB885100EC90E9 /* Debug */,
				E234934925FB885100EC90E9 /* Release */,
			);
			defaultConfigurationIsVisible = 0;
			defaultConfigurationName = Release;
		};
		E234934A25FB885100EC90E9 /* Build configuration list for PBXNativeTarget "ChalloUITests" */ = {
			isa = XCConfigurationList;
			buildConfigurations = (
				E234934B25FB885100EC90E9 /* Debug */,
				E234934C25FB885100EC90E9 /* Release */,
			);
			defaultConfigurationIsVisible = 0;
			defaultConfigurationName = Release;
		};
/* End XCConfigurationList section */
	};
	rootObject = E234931725FB884F00EC90E9 /* Project object */;
}
